
Microsoft Visual Studio Solution File, Format Version 12.00
# Visual Studio Version 17
VisualStudioVersion = 17.4.33213.308
MinimumVisualStudioVersion = 10.0.40219.1
Project("{9A19103F-16F7-4668-BE54-9A1E7A4F7556}") = "Grid", "Grid\Grid\Grid.csproj", "{579662A1-10A6-4E9F-91D8-DFA7D9F4BC66}"
EndProject
Project("{9A19103F-16F7-4668-BE54-9A1E7A4F7556}") = "DialogControls", "DialogControls\DialogControls.csproj", "{1A56E250-33A8-42DC-8534-9034EC940740}"
EndProject
Project("{9A19103F-16F7-4668-BE54-9A1E7A4F7556}") = "Main", "RefBits\Main.csproj", "{46FB5B86-42ED-4AA8-82AD-2709F21C8BC1}"
EndProject
Project("{9A19103F-16F7-4668-BE54-9A1E7A4F7556}") = "ModelEngine", "ModelEngine\ModelEngine.csproj", "{134AB57A-5946-4F39-AD9B-F5E29C48E5B2}"
EndProject
Project("{9A19103F-16F7-4668-BE54-9A1E7A4F7556}") = "Units", "Units\Units.csproj", "{F96575BA-3FB0-4F0B-AC42-D1F696CBD43F}"
EndProject
Project("{9A19103F-16F7-4668-BE54-9A1E7A4F7556}") = "ChartControl", "ChartControl\ChartControl.csproj", "{F46B0401-C3DA-4CDF-A6F3-57309673A4B0}"
EndProject
Project("{9A19103F-16F7-4668-BE54-9A1E7A4F7556}") = "Alglib", "Alglib\Alglib.csproj", "{DA8B5EFB-6241-4CE7-9840-E3AC483BF5CB}"
EndProject
Project("{9A19103F-16F7-4668-BE54-9A1E7A4F7556}") = "COMThermo", "COMThermoClass\COMThermo.csproj", "{53F1912D-8D1F-43EB-ABCE-992C81B714D8}"
EndProject
Project("{9A19103F-16F7-4668-BE54-9A1E7A4F7556}") = "Data", "Data\Data.csproj", "{5533B780-8FE2-4ECD-B5DD-121AA2C9AEE0}"
EndProject
Project("{9A19103F-16F7-4668-BE54-9A1E7A4F7556}") = "DocToolkit", "DocToolkit\DocToolkit.csproj", "{1E955989-2A10-4AF4-8470-7397A009DD33}"
EndProject
Project("{9A19103F-16F7-4668-BE54-9A1E7A4F7556}") = "Extensions", "Extensions\Extensions.csproj", "{46C53E31-4953-4C60-B568-94573DE81280}"
EndProject
Project("{9A19103F-16F7-4668-BE54-9A1E7A4F7556}") = "GeneralMatrix", "GeneralMatrix\GeneralMatrix.csproj", "{DAE16919-6E92-4DD2-BF9C-D19D563AB4DE}"
EndProject
Project("{9A19103F-16F7-4668-BE54-9A1E7A4F7556}") = "GenericRxBed", "GenericRxBed\GenericRxBed.csproj", "{02EDE859-C095-4DA1-B0FD-99A5E922789F}"
EndProject
Project("{9A19103F-16F7-4668-BE54-9A1E7A4F7556}") = "IAPWSSteam", "IAPWSSteam\IAPWSSteam.csproj", "{16A4221B-79BC-4B5A-AB17-6274EDDBFF9B}"
EndProject
Project("{9A19103F-16F7-4668-BE54-9A1E7A4F7556}") = "Math", "Math\Math.csproj", "{DFCCD3AA-385B-4250-85ED-0905389003AB}"
EndProject
Project("{9A19103F-16F7-4668-BE54-9A1E7A4F7556}") = "NaphthaReformerSI", "NaphthaReformerSI\NaphthaReformerSI.csproj", "{ABF4CEC7-8F42-433B-867C-F12AD74DF07E}"
EndProject
Project("{9A19103F-16F7-4668-BE54-9A1E7A4F7556}") = "Steam", "SteamProperties\Steam.csproj", "{BD127EF1-37A0-4DCC-90E6-9FB982FA629A}"
EndProject
Project("{9A19103F-16F7-4668-BE54-9A1E7A4F7556}") = "Simulator", "Simulator\Simulator.csproj", "{DEDF8F3F-466B-4AB1-AA6E-67DDB6F57B39}"
EndProject
Project("{54435603-DBB4-11D2-8724-00A0C9A8B90C}") = "SetupSimulator", "SetupSimulator\SetupSimulator.vdproj", "{4B230D3C-70BC-4FEF-A146-BFF7441AEE8C}"
EndProject
Project("{9A19103F-16F7-4668-BE54-9A1E7A4F7556}") = "TestColumns", "TestColumns\TestColumns.csproj", "{F4BD2CC0-2A94-45F0-A959-B6646C54F59F}"
EndProject
Project("{9A19103F-16F7-4668-BE54-9A1E7A4F7556}") = "TestActivityModels", "TestActiviyModels\TestActivityModels.csproj", "{B52ECECA-BBB0-4B86-865A-2B63A76CAC75}"
EndProject
Project("{9A19103F-16F7-4668-BE54-9A1E7A4F7556}") = "TestFlashes", "TestFlashes\TestFlashes.csproj", "{B13C9DBE-01AF-43BD-BD18-2189197EE7F5}"
EndProject
Project("{9A19103F-16F7-4668-BE54-9A1E7A4F7556}") = "Test", "Test\Test.csproj", "{FBCA3DD8-3B0E-4E1B-8370-BF247B857A79}"
EndProject
Project("{FAE04EC0-301F-11D3-BF4B-00C04F79EFBC}") = "TestCharts", "TestCharts\TestCharts.csproj", "{B1573E4C-7036-4F4B-A023-1A466816C89A}"
EndProject
Project("{9A19103F-16F7-4668-BE54-9A1E7A4F7556}") = "TestEOSThermodynamics", "TestEOSThermodynamics\TestEOSThermodynamics.csproj", "{471D30EA-4772-4CEA-9B57-B9B7CE86A922}"
EndProject
Project("{9A19103F-16F7-4668-BE54-9A1E7A4F7556}") = "TestReactors", "TestReactors\TestReactors.csproj", "{637DC8A4-8DC9-4691-9253-383A0CABEADD}"
EndProject
Project("{9A19103F-16F7-4668-BE54-9A1E7A4F7556}") = "TestSpeed", "TestSpeed\TestSpeed.csproj", "{3A9557D7-801A-4BAC-94A9-334115CF7052}"
EndProject
Project("{9A19103F-16F7-4668-BE54-9A1E7A4F7556}") = "TestSimulation", "TestProject1\TestSimulation.csproj", "{EA1DAD3D-A2BE-4D21-83B6-8BBCCCBA1950}"
EndProject
Project("{9A19103F-16F7-4668-BE54-9A1E7A4F7556}") = "TestSteam", "TestSteam\TestSteam.csproj", "{E530478D-FD04-4FE0-A0D6-235EC884754C}"
EndProject
Project("{54435603-DBB4-11D2-8724-00A0C9A8B90C}") = "SetupReformer", "SetupReformer\SetupReformer.vdproj", "{1FC1B97B-BEF3-4EB1-A409-855EEFEB1A07}"
EndProject
Project("{54435603-DBB4-11D2-8724-00A0C9A8B90C}") = "SetupSteam", "SetupSteam\SetupSteam.vdproj", "{8A620D06-3678-435E-A9CD-166AD9A39B48}"
EndProject
Project("{54435603-DBB4-11D2-8724-00A0C9A8B90C}") = "SetupSteamFunctions", "SetupSteamFunctions\SetupSteamFunctions.vdproj", "{AB83C145-22CB-41E3-880E-8A7E63E385FE}"
EndProject
Project("{54435603-DBB4-11D2-8724-00A0C9A8B90C}") = "SetupProps", "SetupProps\SetupProps.vdproj", "{9CBBD1AF-E50F-42C8-B2D7-41D8D49AFAA2}"
EndProject
Project("{9A19103F-16F7-4668-BE54-9A1E7A4F7556}") = "RefbitsProperties", "RefbitsProperties\RefbitsProperties.csproj", "{DC58FB13-81CB-4602-9936-29ED5D6B8F97}"
EndProject
Project("{9A19103F-16F7-4668-BE54-9A1E7A4F7556}") = "TestEnthalpy", "TestEnthalpy\TestEnthalpy.csproj", "{6582C0CD-2B68-4475-BDC7-49A600D0E136}"
EndProject
Project("{9A19103F-16F7-4668-BE54-9A1E7A4F7556}") = "ColumnTest", "ColumnTest\ColumnTest.csproj", "{BEDF9BE7-12EE-436C-BA27-AB69DB50D681}"
EndProject
Project("{9A19103F-16F7-4668-BE54-9A1E7A4F7556}") = "FCC_COM", "FCC_COM\FCC_COM.csproj", "{C3AB3E64-2D6B-4E3E-8548-6A8BDEE29455}"
EndProject
Project("{9A19103F-16F7-4668-BE54-9A1E7A4F7556}") = "Enumerations", "Enumerations\Enumerations.csproj", "{C88964AF-F267-4EB4-89EC-543734243E4E}"
EndProject
Global
	GlobalSection(SolutionConfigurationPlatforms) = preSolution
		Debug|Any CPU = Debug|Any CPU
		Debug|x64 = Debug|x64
		Debug|x86 = Debug|x86
		DotfuscatedRelease|Any CPU = DotfuscatedRelease|Any CPU
		DotfuscatedRelease|x64 = DotfuscatedRelease|x64
		DotfuscatedRelease|x86 = DotfuscatedRelease|x86
		Release|Any CPU = Release|Any CPU
		Release|x64 = Release|x64
		Release|x86 = Release|x86
	EndGlobalSection
	GlobalSection(ProjectConfigurationPlatforms) = postSolution
		{579662A1-10A6-4E9F-91D8-DFA7D9F4BC66}.Debug|Any CPU.ActiveCfg = Debug|Any CPU
		{579662A1-10A6-4E9F-91D8-DFA7D9F4BC66}.Debug|Any CPU.Build.0 = Debug|Any CPU
		{579662A1-10A6-4E9F-91D8-DFA7D9F4BC66}.Debug|x64.ActiveCfg = Debug|x64
		{579662A1-10A6-4E9F-91D8-DFA7D9F4BC66}.Debug|x64.Build.0 = Debug|x64
		{579662A1-10A6-4E9F-91D8-DFA7D9F4BC66}.Debug|x86.ActiveCfg = Debug|x86
		{579662A1-10A6-4E9F-91D8-DFA7D9F4BC66}.Debug|x86.Build.0 = Debug|x86
		{579662A1-10A6-4E9F-91D8-DFA7D9F4BC66}.DotfuscatedRelease|Any CPU.ActiveCfg = Release|Any CPU
		{579662A1-10A6-4E9F-91D8-DFA7D9F4BC66}.DotfuscatedRelease|Any CPU.Build.0 = Release|Any CPU
		{579662A1-10A6-4E9F-91D8-DFA7D9F4BC66}.DotfuscatedRelease|x64.ActiveCfg = Release|x64
		{579662A1-10A6-4E9F-91D8-DFA7D9F4BC66}.DotfuscatedRelease|x64.Build.0 = Release|x64
		{579662A1-10A6-4E9F-91D8-DFA7D9F4BC66}.DotfuscatedRelease|x86.ActiveCfg = Release|x86
		{579662A1-10A6-4E9F-91D8-DFA7D9F4BC66}.DotfuscatedRelease|x86.Build.0 = Release|x86
		{579662A1-10A6-4E9F-91D8-DFA7D9F4BC66}.Release|Any CPU.ActiveCfg = Release|Any CPU
		{579662A1-10A6-4E9F-91D8-DFA7D9F4BC66}.Release|Any CPU.Build.0 = Release|Any CPU
		{579662A1-10A6-4E9F-91D8-DFA7D9F4BC66}.Release|x64.ActiveCfg = Release|x64
		{579662A1-10A6-4E9F-91D8-DFA7D9F4BC66}.Release|x64.Build.0 = Release|x64
		{579662A1-10A6-4E9F-91D8-DFA7D9F4BC66}.Release|x86.ActiveCfg = Release|x86
		{579662A1-10A6-4E9F-91D8-DFA7D9F4BC66}.Release|x86.Build.0 = Release|x86
		{1A56E250-33A8-42DC-8534-9034EC940740}.Debug|Any CPU.ActiveCfg = Debug|Any CPU
		{1A56E250-33A8-42DC-8534-9034EC940740}.Debug|Any CPU.Build.0 = Debug|Any CPU
		{1A56E250-33A8-42DC-8534-9034EC940740}.Debug|x64.ActiveCfg = Debug|x64
		{1A56E250-33A8-42DC-8534-9034EC940740}.Debug|x64.Build.0 = Debug|x64
		{1A56E250-33A8-42DC-8534-9034EC940740}.Debug|x86.ActiveCfg = Debug|x86
		{1A56E250-33A8-42DC-8534-9034EC940740}.Debug|x86.Build.0 = Debug|x86
		{1A56E250-33A8-42DC-8534-9034EC940740}.DotfuscatedRelease|Any CPU.ActiveCfg = DotfuscatedRelease|Any CPU
		{1A56E250-33A8-42DC-8534-9034EC940740}.DotfuscatedRelease|Any CPU.Build.0 = DotfuscatedRelease|Any CPU
		{1A56E250-33A8-42DC-8534-9034EC940740}.DotfuscatedRelease|x64.ActiveCfg = DotfuscatedRelease|x64
		{1A56E250-33A8-42DC-8534-9034EC940740}.DotfuscatedRelease|x64.Build.0 = DotfuscatedRelease|x64
		{1A56E250-33A8-42DC-8534-9034EC940740}.DotfuscatedRelease|x86.ActiveCfg = DotfuscatedRelease|x86
		{1A56E250-33A8-42DC-8534-9034EC940740}.DotfuscatedRelease|x86.Build.0 = DotfuscatedRelease|x86
		{1A56E250-33A8-42DC-8534-9034EC940740}.Release|Any CPU.ActiveCfg = Release|Any CPU
		{1A56E250-33A8-42DC-8534-9034EC940740}.Release|Any CPU.Build.0 = Release|Any CPU
		{1A56E250-33A8-42DC-8534-9034EC940740}.Release|x64.ActiveCfg = Release|x64
		{1A56E250-33A8-42DC-8534-9034EC940740}.Release|x64.Build.0 = Release|x64
		{1A56E250-33A8-42DC-8534-9034EC940740}.Release|x86.ActiveCfg = Release|x86
		{1A56E250-33A8-42DC-8534-9034EC940740}.Release|x86.Build.0 = Release|x86
		{46FB5B86-42ED-4AA8-82AD-2709F21C8BC1}.Debug|Any CPU.ActiveCfg = Debug|Any CPU
		{46FB5B86-42ED-4AA8-82AD-2709F21C8BC1}.Debug|Any CPU.Build.0 = Debug|Any CPU
		{46FB5B86-42ED-4AA8-82AD-2709F21C8BC1}.Debug|x64.ActiveCfg = Debug|x64
		{46FB5B86-42ED-4AA8-82AD-2709F21C8BC1}.Debug|x64.Build.0 = Debug|x64
		{46FB5B86-42ED-4AA8-82AD-2709F21C8BC1}.Debug|x86.ActiveCfg = Debug|x86
		{46FB5B86-42ED-4AA8-82AD-2709F21C8BC1}.Debug|x86.Build.0 = Debug|x86
		{46FB5B86-42ED-4AA8-82AD-2709F21C8BC1}.DotfuscatedRelease|Any CPU.ActiveCfg = DotfuscatedRelease|Any CPU
		{46FB5B86-42ED-4AA8-82AD-2709F21C8BC1}.DotfuscatedRelease|Any CPU.Build.0 = DotfuscatedRelease|Any CPU
		{46FB5B86-42ED-4AA8-82AD-2709F21C8BC1}.DotfuscatedRelease|x64.ActiveCfg = DotfuscatedRelease|x64
		{46FB5B86-42ED-4AA8-82AD-2709F21C8BC1}.DotfuscatedRelease|x64.Build.0 = DotfuscatedRelease|x64
		{46FB5B86-42ED-4AA8-82AD-2709F21C8BC1}.DotfuscatedRelease|x86.ActiveCfg = DotfuscatedRelease|x86
		{46FB5B86-42ED-4AA8-82AD-2709F21C8BC1}.DotfuscatedRelease|x86.Build.0 = DotfuscatedRelease|x86
		{46FB5B86-42ED-4AA8-82AD-2709F21C8BC1}.Release|Any CPU.ActiveCfg = Release|Any CPU
		{46FB5B86-42ED-4AA8-82AD-2709F21C8BC1}.Release|Any CPU.Build.0 = Release|Any CPU
		{46FB5B86-42ED-4AA8-82AD-2709F21C8BC1}.Release|x64.ActiveCfg = Release|x64
		{46FB5B86-42ED-4AA8-82AD-2709F21C8BC1}.Release|x64.Build.0 = Release|x64
		{46FB5B86-42ED-4AA8-82AD-2709F21C8BC1}.Release|x86.ActiveCfg = Release|x86
		{46FB5B86-42ED-4AA8-82AD-2709F21C8BC1}.Release|x86.Build.0 = Release|x86
		{134AB57A-5946-4F39-AD9B-F5E29C48E5B2}.Debug|Any CPU.ActiveCfg = Debug|Any CPU
		{134AB57A-5946-4F39-AD9B-F5E29C48E5B2}.Debug|Any CPU.Build.0 = Debug|Any CPU
		{134AB57A-5946-4F39-AD9B-F5E29C48E5B2}.Debug|x64.ActiveCfg = Debug|x64
		{134AB57A-5946-4F39-AD9B-F5E29C48E5B2}.Debug|x64.Build.0 = Debug|x64
		{134AB57A-5946-4F39-AD9B-F5E29C48E5B2}.Debug|x86.ActiveCfg = Debug|x86
		{134AB57A-5946-4F39-AD9B-F5E29C48E5B2}.Debug|x86.Build.0 = Debug|x86
		{134AB57A-5946-4F39-AD9B-F5E29C48E5B2}.DotfuscatedRelease|Any CPU.ActiveCfg = DotfuscatedRelease|Any CPU
		{134AB57A-5946-4F39-AD9B-F5E29C48E5B2}.DotfuscatedRelease|Any CPU.Build.0 = DotfuscatedRelease|Any CPU
		{134AB57A-5946-4F39-AD9B-F5E29C48E5B2}.DotfuscatedRelease|x64.ActiveCfg = DotfuscatedRelease|x64
		{134AB57A-5946-4F39-AD9B-F5E29C48E5B2}.DotfuscatedRelease|x64.Build.0 = DotfuscatedRelease|x64
		{134AB57A-5946-4F39-AD9B-F5E29C48E5B2}.DotfuscatedRelease|x86.ActiveCfg = DotfuscatedRelease|x86
		{134AB57A-5946-4F39-AD9B-F5E29C48E5B2}.DotfuscatedRelease|x86.Build.0 = DotfuscatedRelease|x86
		{134AB57A-5946-4F39-AD9B-F5E29C48E5B2}.Release|Any CPU.ActiveCfg = Release|Any CPU
		{134AB57A-5946-4F39-AD9B-F5E29C48E5B2}.Release|Any CPU.Build.0 = Release|Any CPU
		{134AB57A-5946-4F39-AD9B-F5E29C48E5B2}.Release|x64.ActiveCfg = Release|x64
		{134AB57A-5946-4F39-AD9B-F5E29C48E5B2}.Release|x64.Build.0 = Release|x64
		{134AB57A-5946-4F39-AD9B-F5E29C48E5B2}.Release|x86.ActiveCfg = Release|x86
		{134AB57A-5946-4F39-AD9B-F5E29C48E5B2}.Release|x86.Build.0 = Release|x86
		{F96575BA-3FB0-4F0B-AC42-D1F696CBD43F}.Debug|Any CPU.ActiveCfg = Debug|Any CPU
		{F96575BA-3FB0-4F0B-AC42-D1F696CBD43F}.Debug|Any CPU.Build.0 = Debug|Any CPU
		{F96575BA-3FB0-4F0B-AC42-D1F696CBD43F}.Debug|x64.ActiveCfg = Debug|x64
		{F96575BA-3FB0-4F0B-AC42-D1F696CBD43F}.Debug|x64.Build.0 = Debug|x64
		{F96575BA-3FB0-4F0B-AC42-D1F696CBD43F}.Debug|x86.ActiveCfg = Debug|x86
		{F96575BA-3FB0-4F0B-AC42-D1F696CBD43F}.Debug|x86.Build.0 = Debug|x86
		{F96575BA-3FB0-4F0B-AC42-D1F696CBD43F}.DotfuscatedRelease|Any CPU.ActiveCfg = DotfuscatedRelease|Any CPU
		{F96575BA-3FB0-4F0B-AC42-D1F696CBD43F}.DotfuscatedRelease|Any CPU.Build.0 = DotfuscatedRelease|Any CPU
		{F96575BA-3FB0-4F0B-AC42-D1F696CBD43F}.DotfuscatedRelease|x64.ActiveCfg = DotfuscatedRelease|x64
		{F96575BA-3FB0-4F0B-AC42-D1F696CBD43F}.DotfuscatedRelease|x64.Build.0 = DotfuscatedRelease|x64
		{F96575BA-3FB0-4F0B-AC42-D1F696CBD43F}.DotfuscatedRelease|x86.ActiveCfg = DotfuscatedRelease|x86
		{F96575BA-3FB0-4F0B-AC42-D1F696CBD43F}.DotfuscatedRelease|x86.Build.0 = DotfuscatedRelease|x86
		{F96575BA-3FB0-4F0B-AC42-D1F696CBD43F}.Release|Any CPU.ActiveCfg = Release|Any CPU
		{F96575BA-3FB0-4F0B-AC42-D1F696CBD43F}.Release|Any CPU.Build.0 = Release|Any CPU
		{F96575BA-3FB0-4F0B-AC42-D1F696CBD43F}.Release|x64.ActiveCfg = Release|x64
		{F96575BA-3FB0-4F0B-AC42-D1F696CBD43F}.Release|x64.Build.0 = Release|x64
		{F96575BA-3FB0-4F0B-AC42-D1F696CBD43F}.Release|x86.ActiveCfg = Release|x86
		{F96575BA-3FB0-4F0B-AC42-D1F696CBD43F}.Release|x86.Build.0 = Release|x86
		{F46B0401-C3DA-4CDF-A6F3-57309673A4B0}.Debug|Any CPU.ActiveCfg = Debug|Any CPU
		{F46B0401-C3DA-4CDF-A6F3-57309673A4B0}.Debug|Any CPU.Build.0 = Debug|Any CPU
		{F46B0401-C3DA-4CDF-A6F3-57309673A4B0}.Debug|x64.ActiveCfg = Debug|x64
		{F46B0401-C3DA-4CDF-A6F3-57309673A4B0}.Debug|x64.Build.0 = Debug|x64
		{F46B0401-C3DA-4CDF-A6F3-57309673A4B0}.Debug|x86.ActiveCfg = Debug|x86
		{F46B0401-C3DA-4CDF-A6F3-57309673A4B0}.Debug|x86.Build.0 = Debug|x86
		{F46B0401-C3DA-4CDF-A6F3-57309673A4B0}.DotfuscatedRelease|Any CPU.ActiveCfg = Release|Any CPU
		{F46B0401-C3DA-4CDF-A6F3-57309673A4B0}.DotfuscatedRelease|Any CPU.Build.0 = Release|Any CPU
		{F46B0401-C3DA-4CDF-A6F3-57309673A4B0}.DotfuscatedRelease|x64.ActiveCfg = Release|x64
		{F46B0401-C3DA-4CDF-A6F3-57309673A4B0}.DotfuscatedRelease|x64.Build.0 = Release|x64
		{F46B0401-C3DA-4CDF-A6F3-57309673A4B0}.DotfuscatedRelease|x86.ActiveCfg = Release|x86
		{F46B0401-C3DA-4CDF-A6F3-57309673A4B0}.DotfuscatedRelease|x86.Build.0 = Release|x86
		{F46B0401-C3DA-4CDF-A6F3-57309673A4B0}.Release|Any CPU.ActiveCfg = Release|Any CPU
		{F46B0401-C3DA-4CDF-A6F3-57309673A4B0}.Release|Any CPU.Build.0 = Release|Any CPU
		{F46B0401-C3DA-4CDF-A6F3-57309673A4B0}.Release|x64.ActiveCfg = Release|x64
		{F46B0401-C3DA-4CDF-A6F3-57309673A4B0}.Release|x64.Build.0 = Release|x64
		{F46B0401-C3DA-4CDF-A6F3-57309673A4B0}.Release|x86.ActiveCfg = Release|x86
		{F46B0401-C3DA-4CDF-A6F3-57309673A4B0}.Release|x86.Build.0 = Release|x86
		{DA8B5EFB-6241-4CE7-9840-E3AC483BF5CB}.Debug|Any CPU.ActiveCfg = Debug|Any CPU
		{DA8B5EFB-6241-4CE7-9840-E3AC483BF5CB}.Debug|Any CPU.Build.0 = Debug|Any CPU
		{DA8B5EFB-6241-4CE7-9840-E3AC483BF5CB}.Debug|x64.ActiveCfg = Debug|x64
		{DA8B5EFB-6241-4CE7-9840-E3AC483BF5CB}.Debug|x64.Build.0 = Debug|x64
		{DA8B5EFB-6241-4CE7-9840-E3AC483BF5CB}.Debug|x86.ActiveCfg = Debug|x86
		{DA8B5EFB-6241-4CE7-9840-E3AC483BF5CB}.Debug|x86.Build.0 = Debug|x86
		{DA8B5EFB-6241-4CE7-9840-E3AC483BF5CB}.DotfuscatedRelease|Any CPU.ActiveCfg = Release|Any CPU
		{DA8B5EFB-6241-4CE7-9840-E3AC483BF5CB}.DotfuscatedRelease|Any CPU.Build.0 = Release|Any CPU
		{DA8B5EFB-6241-4CE7-9840-E3AC483BF5CB}.DotfuscatedRelease|x64.ActiveCfg = Release|x64
		{DA8B5EFB-6241-4CE7-9840-E3AC483BF5CB}.DotfuscatedRelease|x64.Build.0 = Release|x64
		{DA8B5EFB-6241-4CE7-9840-E3AC483BF5CB}.DotfuscatedRelease|x86.ActiveCfg = Release|x86
		{DA8B5EFB-6241-4CE7-9840-E3AC483BF5CB}.DotfuscatedRelease|x86.Build.0 = Release|x86
		{DA8B5EFB-6241-4CE7-9840-E3AC483BF5CB}.Release|Any CPU.ActiveCfg = Release|Any CPU
		{DA8B5EFB-6241-4CE7-9840-E3AC483BF5CB}.Release|Any CPU.Build.0 = Release|Any CPU
		{DA8B5EFB-6241-4CE7-9840-E3AC483BF5CB}.Release|x64.ActiveCfg = Release|x64
		{DA8B5EFB-6241-4CE7-9840-E3AC483BF5CB}.Release|x64.Build.0 = Release|x64
		{DA8B5EFB-6241-4CE7-9840-E3AC483BF5CB}.Release|x86.ActiveCfg = Release|x86
		{DA8B5EFB-6241-4CE7-9840-E3AC483BF5CB}.Release|x86.Build.0 = Release|x86
		{53F1912D-8D1F-43EB-ABCE-992C81B714D8}.Debug|Any CPU.ActiveCfg = Debug|Any CPU
		{53F1912D-8D1F-43EB-ABCE-992C81B714D8}.Debug|Any CPU.Build.0 = Debug|Any CPU
		{53F1912D-8D1F-43EB-ABCE-992C81B714D8}.Debug|x64.ActiveCfg = Debug|x64
		{53F1912D-8D1F-43EB-ABCE-992C81B714D8}.Debug|x64.Build.0 = Debug|x64
		{53F1912D-8D1F-43EB-ABCE-992C81B714D8}.Debug|x86.ActiveCfg = Debug|x86
		{53F1912D-8D1F-43EB-ABCE-992C81B714D8}.Debug|x86.Build.0 = Debug|x86
		{53F1912D-8D1F-43EB-ABCE-992C81B714D8}.DotfuscatedRelease|Any CPU.ActiveCfg = Release|Any CPU
		{53F1912D-8D1F-43EB-ABCE-992C81B714D8}.DotfuscatedRelease|Any CPU.Build.0 = Release|Any CPU
		{53F1912D-8D1F-43EB-ABCE-992C81B714D8}.DotfuscatedRelease|x64.ActiveCfg = Release|x64
		{53F1912D-8D1F-43EB-ABCE-992C81B714D8}.DotfuscatedRelease|x64.Build.0 = Release|x64
		{53F1912D-8D1F-43EB-ABCE-992C81B714D8}.DotfuscatedRelease|x86.ActiveCfg = Release|x86
		{53F1912D-8D1F-43EB-ABCE-992C81B714D8}.DotfuscatedRelease|x86.Build.0 = Release|x86
		{53F1912D-8D1F-43EB-ABCE-992C81B714D8}.Release|Any CPU.ActiveCfg = Release|Any CPU
		{53F1912D-8D1F-43EB-ABCE-992C81B714D8}.Release|Any CPU.Build.0 = Release|Any CPU
		{53F1912D-8D1F-43EB-ABCE-992C81B714D8}.Release|x64.ActiveCfg = Release|x64
		{53F1912D-8D1F-43EB-ABCE-992C81B714D8}.Release|x64.Build.0 = Release|x64
		{53F1912D-8D1F-43EB-ABCE-992C81B714D8}.Release|x86.ActiveCfg = Release|x86
		{53F1912D-8D1F-43EB-ABCE-992C81B714D8}.Release|x86.Build.0 = Release|x86
		{5533B780-8FE2-4ECD-B5DD-121AA2C9AEE0}.Debug|Any CPU.ActiveCfg = Debug|Any CPU
		{5533B780-8FE2-4ECD-B5DD-121AA2C9AEE0}.Debug|Any CPU.Build.0 = Debug|Any CPU
		{5533B780-8FE2-4ECD-B5DD-121AA2C9AEE0}.Debug|x64.ActiveCfg = Debug|x64
		{5533B780-8FE2-4ECD-B5DD-121AA2C9AEE0}.Debug|x64.Build.0 = Debug|x64
		{5533B780-8FE2-4ECD-B5DD-121AA2C9AEE0}.Debug|x86.ActiveCfg = Debug|x86
		{5533B780-8FE2-4ECD-B5DD-121AA2C9AEE0}.Debug|x86.Build.0 = Debug|x86
		{5533B780-8FE2-4ECD-B5DD-121AA2C9AEE0}.DotfuscatedRelease|Any CPU.ActiveCfg = DotfuscatedRelease|Any CPU
		{5533B780-8FE2-4ECD-B5DD-121AA2C9AEE0}.DotfuscatedRelease|Any CPU.Build.0 = DotfuscatedRelease|Any CPU
		{5533B780-8FE2-4ECD-B5DD-121AA2C9AEE0}.DotfuscatedRelease|x64.ActiveCfg = DotfuscatedRelease|x64
		{5533B780-8FE2-4ECD-B5DD-121AA2C9AEE0}.DotfuscatedRelease|x64.Build.0 = DotfuscatedRelease|x64
		{5533B780-8FE2-4ECD-B5DD-121AA2C9AEE0}.DotfuscatedRelease|x86.ActiveCfg = DotfuscatedRelease|x86
		{5533B780-8FE2-4ECD-B5DD-121AA2C9AEE0}.DotfuscatedRelease|x86.Build.0 = DotfuscatedRelease|x86
		{5533B780-8FE2-4ECD-B5DD-121AA2C9AEE0}.Release|Any CPU.ActiveCfg = Release|Any CPU
		{5533B780-8FE2-4ECD-B5DD-121AA2C9AEE0}.Release|Any CPU.Build.0 = Release|Any CPU
		{5533B780-8FE2-4ECD-B5DD-121AA2C9AEE0}.Release|x64.ActiveCfg = Release|x64
		{5533B780-8FE2-4ECD-B5DD-121AA2C9AEE0}.Release|x64.Build.0 = Release|x64
		{5533B780-8FE2-4ECD-B5DD-121AA2C9AEE0}.Release|x86.ActiveCfg = Release|x86
		{5533B780-8FE2-4ECD-B5DD-121AA2C9AEE0}.Release|x86.Build.0 = Release|x86
		{1E955989-2A10-4AF4-8470-7397A009DD33}.Debug|Any CPU.ActiveCfg = Debug|Any CPU
		{1E955989-2A10-4AF4-8470-7397A009DD33}.Debug|Any CPU.Build.0 = Debug|Any CPU
		{1E955989-2A10-4AF4-8470-7397A009DD33}.Debug|x64.ActiveCfg = Debug|x64
		{1E955989-2A10-4AF4-8470-7397A009DD33}.Debug|x64.Build.0 = Debug|x64
		{1E955989-2A10-4AF4-8470-7397A009DD33}.Debug|x86.ActiveCfg = Debug|x86
		{1E955989-2A10-4AF4-8470-7397A009DD33}.Debug|x86.Build.0 = Debug|x86
		{1E955989-2A10-4AF4-8470-7397A009DD33}.DotfuscatedRelease|Any CPU.ActiveCfg = DotfuscatedRelease|Any CPU
		{1E955989-2A10-4AF4-8470-7397A009DD33}.DotfuscatedRelease|Any CPU.Build.0 = DotfuscatedRelease|Any CPU
		{1E955989-2A10-4AF4-8470-7397A009DD33}.DotfuscatedRelease|x64.ActiveCfg = DotfuscatedRelease|x64
		{1E955989-2A10-4AF4-8470-7397A009DD33}.DotfuscatedRelease|x64.Build.0 = DotfuscatedRelease|x64
		{1E955989-2A10-4AF4-8470-7397A009DD33}.DotfuscatedRelease|x86.ActiveCfg = DotfuscatedRelease|x86
		{1E955989-2A10-4AF4-8470-7397A009DD33}.DotfuscatedRelease|x86.Build.0 = DotfuscatedRelease|x86
		{1E955989-2A10-4AF4-8470-7397A009DD33}.Release|Any CPU.ActiveCfg = Release|Any CPU
		{1E955989-2A10-4AF4-8470-7397A009DD33}.Release|Any CPU.Build.0 = Release|Any CPU
		{1E955989-2A10-4AF4-8470-7397A009DD33}.Release|x64.ActiveCfg = Release|x64
		{1E955989-2A10-4AF4-8470-7397A009DD33}.Release|x64.Build.0 = Release|x64
		{1E955989-2A10-4AF4-8470-7397A009DD33}.Release|x86.ActiveCfg = Release|x86
		{1E955989-2A10-4AF4-8470-7397A009DD33}.Release|x86.Build.0 = Release|x86
		{46C53E31-4953-4C60-B568-94573DE81280}.Debug|Any CPU.ActiveCfg = Debug|Any CPU
		{46C53E31-4953-4C60-B568-94573DE81280}.Debug|Any CPU.Build.0 = Debug|Any CPU
		{46C53E31-4953-4C60-B568-94573DE81280}.Debug|x64.ActiveCfg = Debug|x64
		{46C53E31-4953-4C60-B568-94573DE81280}.Debug|x64.Build.0 = Debug|x64
		{46C53E31-4953-4C60-B568-94573DE81280}.Debug|x86.ActiveCfg = Debug|x86
		{46C53E31-4953-4C60-B568-94573DE81280}.Debug|x86.Build.0 = Debug|x86
		{46C53E31-4953-4C60-B568-94573DE81280}.DotfuscatedRelease|Any CPU.ActiveCfg = DotfuscatedRelease|Any CPU
		{46C53E31-4953-4C60-B568-94573DE81280}.DotfuscatedRelease|Any CPU.Build.0 = DotfuscatedRelease|Any CPU
		{46C53E31-4953-4C60-B568-94573DE81280}.DotfuscatedRelease|x64.ActiveCfg = DotfuscatedRelease|x64
		{46C53E31-4953-4C60-B568-94573DE81280}.DotfuscatedRelease|x64.Build.0 = DotfuscatedRelease|x64
		{46C53E31-4953-4C60-B568-94573DE81280}.DotfuscatedRelease|x86.ActiveCfg = DotfuscatedRelease|x86
		{46C53E31-4953-4C60-B568-94573DE81280}.DotfuscatedRelease|x86.Build.0 = DotfuscatedRelease|x86
		{46C53E31-4953-4C60-B568-94573DE81280}.Release|Any CPU.ActiveCfg = Release|Any CPU
		{46C53E31-4953-4C60-B568-94573DE81280}.Release|Any CPU.Build.0 = Release|Any CPU
		{46C53E31-4953-4C60-B568-94573DE81280}.Release|x64.ActiveCfg = Release|x64
		{46C53E31-4953-4C60-B568-94573DE81280}.Release|x64.Build.0 = Release|x64
		{46C53E31-4953-4C60-B568-94573DE81280}.Release|x86.ActiveCfg = Release|x86
		{46C53E31-4953-4C60-B568-94573DE81280}.Release|x86.Build.0 = Release|x86
		{DAE16919-6E92-4DD2-BF9C-D19D563AB4DE}.Debug|Any CPU.ActiveCfg = Debug|Any CPU
		{DAE16919-6E92-4DD2-BF9C-D19D563AB4DE}.Debug|Any CPU.Build.0 = Debug|Any CPU
		{DAE16919-6E92-4DD2-BF9C-D19D563AB4DE}.Debug|x64.ActiveCfg = Debug|x64
		{DAE16919-6E92-4DD2-BF9C-D19D563AB4DE}.Debug|x64.Build.0 = Debug|x64
		{DAE16919-6E92-4DD2-BF9C-D19D563AB4DE}.Debug|x86.ActiveCfg = Debug|x86
		{DAE16919-6E92-4DD2-BF9C-D19D563AB4DE}.Debug|x86.Build.0 = Debug|x86
		{DAE16919-6E92-4DD2-BF9C-D19D563AB4DE}.DotfuscatedRelease|Any CPU.ActiveCfg = DotfuscatedRelease|Any CPU
		{DAE16919-6E92-4DD2-BF9C-D19D563AB4DE}.DotfuscatedRelease|Any CPU.Build.0 = DotfuscatedRelease|Any CPU
		{DAE16919-6E92-4DD2-BF9C-D19D563AB4DE}.DotfuscatedRelease|x64.ActiveCfg = DotfuscatedRelease|x64
		{DAE16919-6E92-4DD2-BF9C-D19D563AB4DE}.DotfuscatedRelease|x64.Build.0 = DotfuscatedRelease|x64
		{DAE16919-6E92-4DD2-BF9C-D19D563AB4DE}.DotfuscatedRelease|x86.ActiveCfg = DotfuscatedRelease|x86
		{DAE16919-6E92-4DD2-BF9C-D19D563AB4DE}.DotfuscatedRelease|x86.Build.0 = DotfuscatedRelease|x86
		{DAE16919-6E92-4DD2-BF9C-D19D563AB4DE}.Release|Any CPU.ActiveCfg = Release|Any CPU
		{DAE16919-6E92-4DD2-BF9C-D19D563AB4DE}.Release|Any CPU.Build.0 = Release|Any CPU
		{DAE16919-6E92-4DD2-BF9C-D19D563AB4DE}.Release|x64.ActiveCfg = Release|x64
		{DAE16919-6E92-4DD2-BF9C-D19D563AB4DE}.Release|x64.Build.0 = Release|x64
		{DAE16919-6E92-4DD2-BF9C-D19D563AB4DE}.Release|x86.ActiveCfg = Release|x86
		{DAE16919-6E92-4DD2-BF9C-D19D563AB4DE}.Release|x86.Build.0 = Release|x86
		{02EDE859-C095-4DA1-B0FD-99A5E922789F}.Debug|Any CPU.ActiveCfg = Debug|Any CPU
		{02EDE859-C095-4DA1-B0FD-99A5E922789F}.Debug|Any CPU.Build.0 = Debug|Any CPU
		{02EDE859-C095-4DA1-B0FD-99A5E922789F}.Debug|x64.ActiveCfg = Debug|x64
		{02EDE859-C095-4DA1-B0FD-99A5E922789F}.Debug|x64.Build.0 = Debug|x64
		{02EDE859-C095-4DA1-B0FD-99A5E922789F}.Debug|x86.ActiveCfg = Debug|x86
		{02EDE859-C095-4DA1-B0FD-99A5E922789F}.Debug|x86.Build.0 = Debug|x86
		{02EDE859-C095-4DA1-B0FD-99A5E922789F}.DotfuscatedRelease|Any CPU.ActiveCfg = DotfuscatedRelease|Any CPU
		{02EDE859-C095-4DA1-B0FD-99A5E922789F}.DotfuscatedRelease|Any CPU.Build.0 = DotfuscatedRelease|Any CPU
		{02EDE859-C095-4DA1-B0FD-99A5E922789F}.DotfuscatedRelease|x64.ActiveCfg = DotfuscatedRelease|x64
		{02EDE859-C095-4DA1-B0FD-99A5E922789F}.DotfuscatedRelease|x64.Build.0 = DotfuscatedRelease|x64
		{02EDE859-C095-4DA1-B0FD-99A5E922789F}.DotfuscatedRelease|x86.ActiveCfg = DotfuscatedRelease|x86
		{02EDE859-C095-4DA1-B0FD-99A5E922789F}.DotfuscatedRelease|x86.Build.0 = DotfuscatedRelease|x86
		{02EDE859-C095-4DA1-B0FD-99A5E922789F}.Release|Any CPU.ActiveCfg = Release|Any CPU
		{02EDE859-C095-4DA1-B0FD-99A5E922789F}.Release|Any CPU.Build.0 = Release|Any CPU
		{02EDE859-C095-4DA1-B0FD-99A5E922789F}.Release|x64.ActiveCfg = Release|x64
		{02EDE859-C095-4DA1-B0FD-99A5E922789F}.Release|x64.Build.0 = Release|x64
		{02EDE859-C095-4DA1-B0FD-99A5E922789F}.Release|x86.ActiveCfg = Release|x86
		{02EDE859-C095-4DA1-B0FD-99A5E922789F}.Release|x86.Build.0 = Release|x86
		{16A4221B-79BC-4B5A-AB17-6274EDDBFF9B}.Debug|Any CPU.ActiveCfg = Debug|Any CPU
		{16A4221B-79BC-4B5A-AB17-6274EDDBFF9B}.Debug|Any CPU.Build.0 = Debug|Any CPU
		{16A4221B-79BC-4B5A-AB17-6274EDDBFF9B}.Debug|x64.ActiveCfg = Debug|x64
		{16A4221B-79BC-4B5A-AB17-6274EDDBFF9B}.Debug|x64.Build.0 = Debug|x64
		{16A4221B-79BC-4B5A-AB17-6274EDDBFF9B}.Debug|x86.ActiveCfg = Debug|x86
		{16A4221B-79BC-4B5A-AB17-6274EDDBFF9B}.Debug|x86.Build.0 = Debug|x86
		{16A4221B-79BC-4B5A-AB17-6274EDDBFF9B}.DotfuscatedRelease|Any CPU.ActiveCfg = Release|Any CPU
		{16A4221B-79BC-4B5A-AB17-6274EDDBFF9B}.DotfuscatedRelease|Any CPU.Build.0 = Release|Any CPU
		{16A4221B-79BC-4B5A-AB17-6274EDDBFF9B}.DotfuscatedRelease|x64.ActiveCfg = Release|x64
		{16A4221B-79BC-4B5A-AB17-6274EDDBFF9B}.DotfuscatedRelease|x64.Build.0 = Release|x64
		{16A4221B-79BC-4B5A-AB17-6274EDDBFF9B}.DotfuscatedRelease|x86.ActiveCfg = Release|x86
		{16A4221B-79BC-4B5A-AB17-6274EDDBFF9B}.DotfuscatedRelease|x86.Build.0 = Release|x86
		{16A4221B-79BC-4B5A-AB17-6274EDDBFF9B}.Release|Any CPU.ActiveCfg = Release|Any CPU
		{16A4221B-79BC-4B5A-AB17-6274EDDBFF9B}.Release|Any CPU.Build.0 = Release|Any CPU
		{16A4221B-79BC-4B5A-AB17-6274EDDBFF9B}.Release|x64.ActiveCfg = Release|x64
		{16A4221B-79BC-4B5A-AB17-6274EDDBFF9B}.Release|x64.Build.0 = Release|x64
		{16A4221B-79BC-4B5A-AB17-6274EDDBFF9B}.Release|x86.ActiveCfg = Release|x86
		{16A4221B-79BC-4B5A-AB17-6274EDDBFF9B}.Release|x86.Build.0 = Release|x86
		{DFCCD3AA-385B-4250-85ED-0905389003AB}.Debug|Any CPU.ActiveCfg = Debug|Any CPU
		{DFCCD3AA-385B-4250-85ED-0905389003AB}.Debug|Any CPU.Build.0 = Debug|Any CPU
		{DFCCD3AA-385B-4250-85ED-0905389003AB}.Debug|x64.ActiveCfg = Debug|x64
		{DFCCD3AA-385B-4250-85ED-0905389003AB}.Debug|x64.Build.0 = Debug|x64
		{DFCCD3AA-385B-4250-85ED-0905389003AB}.Debug|x86.ActiveCfg = Debug|x86
		{DFCCD3AA-385B-4250-85ED-0905389003AB}.Debug|x86.Build.0 = Debug|x86
		{DFCCD3AA-385B-4250-85ED-0905389003AB}.DotfuscatedRelease|Any CPU.ActiveCfg = DotfuscatedRelease|Any CPU
		{DFCCD3AA-385B-4250-85ED-0905389003AB}.DotfuscatedRelease|Any CPU.Build.0 = DotfuscatedRelease|Any CPU
		{DFCCD3AA-385B-4250-85ED-0905389003AB}.DotfuscatedRelease|x64.ActiveCfg = DotfuscatedRelease|x64
		{DFCCD3AA-385B-4250-85ED-0905389003AB}.DotfuscatedRelease|x64.Build.0 = DotfuscatedRelease|x64
		{DFCCD3AA-385B-4250-85ED-0905389003AB}.DotfuscatedRelease|x86.ActiveCfg = DotfuscatedRelease|x86
		{DFCCD3AA-385B-4250-85ED-0905389003AB}.DotfuscatedRelease|x86.Build.0 = DotfuscatedRelease|x86
		{DFCCD3AA-385B-4250-85ED-0905389003AB}.Release|Any CPU.ActiveCfg = Release|Any CPU
		{DFCCD3AA-385B-4250-85ED-0905389003AB}.Release|Any CPU.Build.0 = Release|Any CPU
		{DFCCD3AA-385B-4250-85ED-0905389003AB}.Release|x64.ActiveCfg = Release|x64
		{DFCCD3AA-385B-4250-85ED-0905389003AB}.Release|x64.Build.0 = Release|x64
		{DFCCD3AA-385B-4250-85ED-0905389003AB}.Release|x86.ActiveCfg = Release|x86
		{DFCCD3AA-385B-4250-85ED-0905389003AB}.Release|x86.Build.0 = Release|x86
		{ABF4CEC7-8F42-433B-867C-F12AD74DF07E}.Debug|Any CPU.ActiveCfg = Debug|Any CPU
		{ABF4CEC7-8F42-433B-867C-F12AD74DF07E}.Debug|Any CPU.Build.0 = Debug|Any CPU
		{ABF4CEC7-8F42-433B-867C-F12AD74DF07E}.Debug|x64.ActiveCfg = Debug|x64
		{ABF4CEC7-8F42-433B-867C-F12AD74DF07E}.Debug|x64.Build.0 = Debug|x64
		{ABF4CEC7-8F42-433B-867C-F12AD74DF07E}.Debug|x86.ActiveCfg = Debug|x86
		{ABF4CEC7-8F42-433B-867C-F12AD74DF07E}.Debug|x86.Build.0 = Debug|x86
		{ABF4CEC7-8F42-433B-867C-F12AD74DF07E}.DotfuscatedRelease|Any CPU.ActiveCfg = DotfuscatedRelease|Any CPU
		{ABF4CEC7-8F42-433B-867C-F12AD74DF07E}.DotfuscatedRelease|Any CPU.Build.0 = DotfuscatedRelease|Any CPU
		{ABF4CEC7-8F42-433B-867C-F12AD74DF07E}.DotfuscatedRelease|x64.ActiveCfg = DotfuscatedRelease|x64
		{ABF4CEC7-8F42-433B-867C-F12AD74DF07E}.DotfuscatedRelease|x64.Build.0 = DotfuscatedRelease|x64
		{ABF4CEC7-8F42-433B-867C-F12AD74DF07E}.DotfuscatedRelease|x86.ActiveCfg = DotfuscatedRelease|x86
		{ABF4CEC7-8F42-433B-867C-F12AD74DF07E}.DotfuscatedRelease|x86.Build.0 = DotfuscatedRelease|x86
		{ABF4CEC7-8F42-433B-867C-F12AD74DF07E}.Release|Any CPU.ActiveCfg = Release|Any CPU
		{ABF4CEC7-8F42-433B-867C-F12AD74DF07E}.Release|Any CPU.Build.0 = Release|Any CPU
		{ABF4CEC7-8F42-433B-867C-F12AD74DF07E}.Release|x64.ActiveCfg = Release|x64
		{ABF4CEC7-8F42-433B-867C-F12AD74DF07E}.Release|x64.Build.0 = Release|x64
		{ABF4CEC7-8F42-433B-867C-F12AD74DF07E}.Release|x86.ActiveCfg = Release|x86
		{ABF4CEC7-8F42-433B-867C-F12AD74DF07E}.Release|x86.Build.0 = Release|x86
		{BD127EF1-37A0-4DCC-90E6-9FB982FA629A}.Debug|Any CPU.ActiveCfg = Debug|Any CPU
		{BD127EF1-37A0-4DCC-90E6-9FB982FA629A}.Debug|Any CPU.Build.0 = Debug|Any CPU
		{BD127EF1-37A0-4DCC-90E6-9FB982FA629A}.Debug|x64.ActiveCfg = Debug|x64
		{BD127EF1-37A0-4DCC-90E6-9FB982FA629A}.Debug|x64.Build.0 = Debug|x64
		{BD127EF1-37A0-4DCC-90E6-9FB982FA629A}.Debug|x86.ActiveCfg = Debug|x86
		{BD127EF1-37A0-4DCC-90E6-9FB982FA629A}.Debug|x86.Build.0 = Debug|x86
		{BD127EF1-37A0-4DCC-90E6-9FB982FA629A}.DotfuscatedRelease|Any CPU.ActiveCfg = DotfuscatedRelease|Any CPU
		{BD127EF1-37A0-4DCC-90E6-9FB982FA629A}.DotfuscatedRelease|Any CPU.Build.0 = DotfuscatedRelease|Any CPU
		{BD127EF1-37A0-4DCC-90E6-9FB982FA629A}.DotfuscatedRelease|x64.ActiveCfg = DotfuscatedRelease|x64
		{BD127EF1-37A0-4DCC-90E6-9FB982FA629A}.DotfuscatedRelease|x64.Build.0 = DotfuscatedRelease|x64
		{BD127EF1-37A0-4DCC-90E6-9FB982FA629A}.DotfuscatedRelease|x86.ActiveCfg = DotfuscatedRelease|x86
		{BD127EF1-37A0-4DCC-90E6-9FB982FA629A}.DotfuscatedRelease|x86.Build.0 = DotfuscatedRelease|x86
		{BD127EF1-37A0-4DCC-90E6-9FB982FA629A}.Release|Any CPU.ActiveCfg = Release|Any CPU
		{BD127EF1-37A0-4DCC-90E6-9FB982FA629A}.Release|Any CPU.Build.0 = Release|Any CPU
		{BD127EF1-37A0-4DCC-90E6-9FB982FA629A}.Release|x64.ActiveCfg = Release|x64
		{BD127EF1-37A0-4DCC-90E6-9FB982FA629A}.Release|x64.Build.0 = Release|x64
		{BD127EF1-37A0-4DCC-90E6-9FB982FA629A}.Release|x86.ActiveCfg = Release|x86
		{BD127EF1-37A0-4DCC-90E6-9FB982FA629A}.Release|x86.Build.0 = Release|x86
		{DEDF8F3F-466B-4AB1-AA6E-67DDB6F57B39}.Debug|Any CPU.ActiveCfg = Debug|Any CPU
		{DEDF8F3F-466B-4AB1-AA6E-67DDB6F57B39}.Debug|Any CPU.Build.0 = Debug|Any CPU
		{DEDF8F3F-466B-4AB1-AA6E-67DDB6F57B39}.Debug|x64.ActiveCfg = Debug|x64
		{DEDF8F3F-466B-4AB1-AA6E-67DDB6F57B39}.Debug|x64.Build.0 = Debug|x64
		{DEDF8F3F-466B-4AB1-AA6E-67DDB6F57B39}.Debug|x86.ActiveCfg = Debug|Any CPU
		{DEDF8F3F-466B-4AB1-AA6E-67DDB6F57B39}.Debug|x86.Build.0 = Debug|Any CPU
		{DEDF8F3F-466B-4AB1-AA6E-67DDB6F57B39}.DotfuscatedRelease|Any CPU.ActiveCfg = Release|Any CPU
		{DEDF8F3F-466B-4AB1-AA6E-67DDB6F57B39}.DotfuscatedRelease|Any CPU.Build.0 = Release|Any CPU
		{DEDF8F3F-466B-4AB1-AA6E-67DDB6F57B39}.DotfuscatedRelease|x64.ActiveCfg = Release|x64
		{DEDF8F3F-466B-4AB1-AA6E-67DDB6F57B39}.DotfuscatedRelease|x64.Build.0 = Release|x64
		{DEDF8F3F-466B-4AB1-AA6E-67DDB6F57B39}.DotfuscatedRelease|x86.ActiveCfg = Release|Any CPU
		{DEDF8F3F-466B-4AB1-AA6E-67DDB6F57B39}.DotfuscatedRelease|x86.Build.0 = Release|Any CPU
		{DEDF8F3F-466B-4AB1-AA6E-67DDB6F57B39}.Release|Any CPU.ActiveCfg = Release|Any CPU
		{DEDF8F3F-466B-4AB1-AA6E-67DDB6F57B39}.Release|Any CPU.Build.0 = Release|Any CPU
		{DEDF8F3F-466B-4AB1-AA6E-67DDB6F57B39}.Release|x64.ActiveCfg = Release|Any CPU
		{DEDF8F3F-466B-4AB1-AA6E-67DDB6F57B39}.Release|x64.Build.0 = Release|Any CPU
		{DEDF8F3F-466B-4AB1-AA6E-67DDB6F57B39}.Release|x86.ActiveCfg = Release|Any CPU
		{DEDF8F3F-466B-4AB1-AA6E-67DDB6F57B39}.Release|x86.Build.0 = Release|Any CPU
		{4B230D3C-70BC-4FEF-A146-BFF7441AEE8C}.Debug|Any CPU.ActiveCfg = Debug
		{4B230D3C-70BC-4FEF-A146-BFF7441AEE8C}.Debug|Any CPU.Build.0 = Debug
		{4B230D3C-70BC-4FEF-A146-BFF7441AEE8C}.Debug|x64.ActiveCfg = Debug
		{4B230D3C-70BC-4FEF-A146-BFF7441AEE8C}.Debug|x64.Build.0 = Debug
		{4B230D3C-70BC-4FEF-A146-BFF7441AEE8C}.Debug|x86.ActiveCfg = Debug
		{4B230D3C-70BC-4FEF-A146-BFF7441AEE8C}.Debug|x86.Build.0 = Debug
		{4B230D3C-70BC-4FEF-A146-BFF7441AEE8C}.DotfuscatedRelease|Any CPU.ActiveCfg = DotfuscatedRelease
		{4B230D3C-70BC-4FEF-A146-BFF7441AEE8C}.DotfuscatedRelease|Any CPU.Build.0 = DotfuscatedRelease
		{4B230D3C-70BC-4FEF-A146-BFF7441AEE8C}.DotfuscatedRelease|x64.ActiveCfg = DotfuscatedRelease
		{4B230D3C-70BC-4FEF-A146-BFF7441AEE8C}.DotfuscatedRelease|x64.Build.0 = DotfuscatedRelease
		{4B230D3C-70BC-4FEF-A146-BFF7441AEE8C}.DotfuscatedRelease|x86.ActiveCfg = DotfuscatedRelease
		{4B230D3C-70BC-4FEF-A146-BFF7441AEE8C}.DotfuscatedRelease|x86.Build.0 = DotfuscatedRelease
		{4B230D3C-70BC-4FEF-A146-BFF7441AEE8C}.Release|Any CPU.ActiveCfg = Release
		{4B230D3C-70BC-4FEF-A146-BFF7441AEE8C}.Release|Any CPU.Build.0 = Release
		{4B230D3C-70BC-4FEF-A146-BFF7441AEE8C}.Release|x64.ActiveCfg = Release
		{4B230D3C-70BC-4FEF-A146-BFF7441AEE8C}.Release|x64.Build.0 = Release
		{4B230D3C-70BC-4FEF-A146-BFF7441AEE8C}.Release|x86.ActiveCfg = Release
		{4B230D3C-70BC-4FEF-A146-BFF7441AEE8C}.Release|x86.Build.0 = Release
		{F4BD2CC0-2A94-45F0-A959-B6646C54F59F}.Debug|Any CPU.ActiveCfg = Debug|Any CPU
		{F4BD2CC0-2A94-45F0-A959-B6646C54F59F}.Debug|Any CPU.Build.0 = Debug|Any CPU
		{F4BD2CC0-2A94-45F0-A959-B6646C54F59F}.Debug|x64.ActiveCfg = Debug|x64
		{F4BD2CC0-2A94-45F0-A959-B6646C54F59F}.Debug|x64.Build.0 = Debug|x64
		{F4BD2CC0-2A94-45F0-A959-B6646C54F59F}.Debug|x86.ActiveCfg = Debug|x86
		{F4BD2CC0-2A94-45F0-A959-B6646C54F59F}.Debug|x86.Build.0 = Debug|x86
		{F4BD2CC0-2A94-45F0-A959-B6646C54F59F}.DotfuscatedRelease|Any CPU.ActiveCfg = Release|Any CPU
		{F4BD2CC0-2A94-45F0-A959-B6646C54F59F}.DotfuscatedRelease|Any CPU.Build.0 = Release|Any CPU
		{F4BD2CC0-2A94-45F0-A959-B6646C54F59F}.DotfuscatedRelease|x64.ActiveCfg = Release|x64
		{F4BD2CC0-2A94-45F0-A959-B6646C54F59F}.DotfuscatedRelease|x64.Build.0 = Release|x64
		{F4BD2CC0-2A94-45F0-A959-B6646C54F59F}.DotfuscatedRelease|x86.ActiveCfg = Release|x86
		{F4BD2CC0-2A94-45F0-A959-B6646C54F59F}.DotfuscatedRelease|x86.Build.0 = Release|x86
		{F4BD2CC0-2A94-45F0-A959-B6646C54F59F}.Release|Any CPU.ActiveCfg = Release|Any CPU
		{F4BD2CC0-2A94-45F0-A959-B6646C54F59F}.Release|Any CPU.Build.0 = Release|Any CPU
		{F4BD2CC0-2A94-45F0-A959-B6646C54F59F}.Release|x64.ActiveCfg = Release|x64
		{F4BD2CC0-2A94-45F0-A959-B6646C54F59F}.Release|x64.Build.0 = Release|x64
		{F4BD2CC0-2A94-45F0-A959-B6646C54F59F}.Release|x86.ActiveCfg = Release|x86
		{F4BD2CC0-2A94-45F0-A959-B6646C54F59F}.Release|x86.Build.0 = Release|x86
		{B52ECECA-BBB0-4B86-865A-2B63A76CAC75}.Debug|Any CPU.ActiveCfg = Debug|Any CPU
		{B52ECECA-BBB0-4B86-865A-2B63A76CAC75}.Debug|Any CPU.Build.0 = Debug|Any CPU
		{B52ECECA-BBB0-4B86-865A-2B63A76CAC75}.Debug|x64.ActiveCfg = Debug|x64
		{B52ECECA-BBB0-4B86-865A-2B63A76CAC75}.Debug|x64.Build.0 = Debug|x64
		{B52ECECA-BBB0-4B86-865A-2B63A76CAC75}.Debug|x86.ActiveCfg = Debug|x86
		{B52ECECA-BBB0-4B86-865A-2B63A76CAC75}.Debug|x86.Build.0 = Debug|x86
		{B52ECECA-BBB0-4B86-865A-2B63A76CAC75}.DotfuscatedRelease|Any CPU.ActiveCfg = Release|Any CPU
		{B52ECECA-BBB0-4B86-865A-2B63A76CAC75}.DotfuscatedRelease|Any CPU.Build.0 = Release|Any CPU
		{B52ECECA-BBB0-4B86-865A-2B63A76CAC75}.DotfuscatedRelease|x64.ActiveCfg = Release|x64
		{B52ECECA-BBB0-4B86-865A-2B63A76CAC75}.DotfuscatedRelease|x64.Build.0 = Release|x64
		{B52ECECA-BBB0-4B86-865A-2B63A76CAC75}.DotfuscatedRelease|x86.ActiveCfg = Release|x86
		{B52ECECA-BBB0-4B86-865A-2B63A76CAC75}.DotfuscatedRelease|x86.Build.0 = Release|x86
		{B52ECECA-BBB0-4B86-865A-2B63A76CAC75}.Release|Any CPU.ActiveCfg = Release|Any CPU
		{B52ECECA-BBB0-4B86-865A-2B63A76CAC75}.Release|Any CPU.Build.0 = Release|Any CPU
		{B52ECECA-BBB0-4B86-865A-2B63A76CAC75}.Release|x64.ActiveCfg = Release|x64
		{B52ECECA-BBB0-4B86-865A-2B63A76CAC75}.Release|x64.Build.0 = Release|x64
		{B52ECECA-BBB0-4B86-865A-2B63A76CAC75}.Release|x86.ActiveCfg = Release|x86
		{B52ECECA-BBB0-4B86-865A-2B63A76CAC75}.Release|x86.Build.0 = Release|x86
		{B13C9DBE-01AF-43BD-BD18-2189197EE7F5}.Debug|Any CPU.ActiveCfg = Debug|Any CPU
		{B13C9DBE-01AF-43BD-BD18-2189197EE7F5}.Debug|Any CPU.Build.0 = Debug|Any CPU
		{B13C9DBE-01AF-43BD-BD18-2189197EE7F5}.Debug|x64.ActiveCfg = Debug|x64
		{B13C9DBE-01AF-43BD-BD18-2189197EE7F5}.Debug|x64.Build.0 = Debug|x64
		{B13C9DBE-01AF-43BD-BD18-2189197EE7F5}.Debug|x86.ActiveCfg = Debug|x86
		{B13C9DBE-01AF-43BD-BD18-2189197EE7F5}.Debug|x86.Build.0 = Debug|x86
		{B13C9DBE-01AF-43BD-BD18-2189197EE7F5}.DotfuscatedRelease|Any CPU.ActiveCfg = Release|Any CPU
		{B13C9DBE-01AF-43BD-BD18-2189197EE7F5}.DotfuscatedRelease|Any CPU.Build.0 = Release|Any CPU
		{B13C9DBE-01AF-43BD-BD18-2189197EE7F5}.DotfuscatedRelease|x64.ActiveCfg = Release|x64
		{B13C9DBE-01AF-43BD-BD18-2189197EE7F5}.DotfuscatedRelease|x64.Build.0 = Release|x64
		{B13C9DBE-01AF-43BD-BD18-2189197EE7F5}.DotfuscatedRelease|x86.ActiveCfg = Release|x86
		{B13C9DBE-01AF-43BD-BD18-2189197EE7F5}.DotfuscatedRelease|x86.Build.0 = Release|x86
		{B13C9DBE-01AF-43BD-BD18-2189197EE7F5}.Release|Any CPU.ActiveCfg = Release|Any CPU
		{B13C9DBE-01AF-43BD-BD18-2189197EE7F5}.Release|Any CPU.Build.0 = Release|Any CPU
		{B13C9DBE-01AF-43BD-BD18-2189197EE7F5}.Release|x64.ActiveCfg = Release|x64
		{B13C9DBE-01AF-43BD-BD18-2189197EE7F5}.Release|x64.Build.0 = Release|x64
		{B13C9DBE-01AF-43BD-BD18-2189197EE7F5}.Release|x86.ActiveCfg = Release|x86
		{B13C9DBE-01AF-43BD-BD18-2189197EE7F5}.Release|x86.Build.0 = Release|x86
		{FBCA3DD8-3B0E-4E1B-8370-BF247B857A79}.Debug|Any CPU.ActiveCfg = Debug|Any CPU
		{FBCA3DD8-3B0E-4E1B-8370-BF247B857A79}.Debug|Any CPU.Build.0 = Debug|Any CPU
		{FBCA3DD8-3B0E-4E1B-8370-BF247B857A79}.Debug|x64.ActiveCfg = Debug|x64
		{FBCA3DD8-3B0E-4E1B-8370-BF247B857A79}.Debug|x64.Build.0 = Debug|x64
		{FBCA3DD8-3B0E-4E1B-8370-BF247B857A79}.Debug|x86.ActiveCfg = Debug|x86
		{FBCA3DD8-3B0E-4E1B-8370-BF247B857A79}.Debug|x86.Build.0 = Debug|x86
		{FBCA3DD8-3B0E-4E1B-8370-BF247B857A79}.DotfuscatedRelease|Any CPU.ActiveCfg = Release|Any CPU
		{FBCA3DD8-3B0E-4E1B-8370-BF247B857A79}.DotfuscatedRelease|Any CPU.Build.0 = Release|Any CPU
		{FBCA3DD8-3B0E-4E1B-8370-BF247B857A79}.DotfuscatedRelease|x64.ActiveCfg = Release|x64
		{FBCA3DD8-3B0E-4E1B-8370-BF247B857A79}.DotfuscatedRelease|x64.Build.0 = Release|x64
		{FBCA3DD8-3B0E-4E1B-8370-BF247B857A79}.DotfuscatedRelease|x86.ActiveCfg = Release|x86
		{FBCA3DD8-3B0E-4E1B-8370-BF247B857A79}.DotfuscatedRelease|x86.Build.0 = Release|x86
		{FBCA3DD8-3B0E-4E1B-8370-BF247B857A79}.Release|Any CPU.ActiveCfg = Release|Any CPU
		{FBCA3DD8-3B0E-4E1B-8370-BF247B857A79}.Release|Any CPU.Build.0 = Release|Any CPU
		{FBCA3DD8-3B0E-4E1B-8370-BF247B857A79}.Release|x64.ActiveCfg = Release|x64
		{FBCA3DD8-3B0E-4E1B-8370-BF247B857A79}.Release|x64.Build.0 = Release|x64
		{FBCA3DD8-3B0E-4E1B-8370-BF247B857A79}.Release|x86.ActiveCfg = Release|x86
		{FBCA3DD8-3B0E-4E1B-8370-BF247B857A79}.Release|x86.Build.0 = Release|x86
		{B1573E4C-7036-4F4B-A023-1A466816C89A}.Debug|Any CPU.ActiveCfg = Debug|Any CPU
		{B1573E4C-7036-4F4B-A023-1A466816C89A}.Debug|Any CPU.Build.0 = Debug|Any CPU
		{B1573E4C-7036-4F4B-A023-1A466816C89A}.Debug|x64.ActiveCfg = Debug|x64
		{B1573E4C-7036-4F4B-A023-1A466816C89A}.Debug|x64.Build.0 = Debug|x64
		{B1573E4C-7036-4F4B-A023-1A466816C89A}.Debug|x86.ActiveCfg = Debug|x86
		{B1573E4C-7036-4F4B-A023-1A466816C89A}.Debug|x86.Build.0 = Debug|x86
		{B1573E4C-7036-4F4B-A023-1A466816C89A}.DotfuscatedRelease|Any CPU.ActiveCfg = Release|Any CPU
		{B1573E4C-7036-4F4B-A023-1A466816C89A}.DotfuscatedRelease|Any CPU.Build.0 = Release|Any CPU
		{B1573E4C-7036-4F4B-A023-1A466816C89A}.DotfuscatedRelease|x64.ActiveCfg = Release|x64
		{B1573E4C-7036-4F4B-A023-1A466816C89A}.DotfuscatedRelease|x64.Build.0 = Release|x64
		{B1573E4C-7036-4F4B-A023-1A466816C89A}.DotfuscatedRelease|x86.ActiveCfg = Release|x86
		{B1573E4C-7036-4F4B-A023-1A466816C89A}.DotfuscatedRelease|x86.Build.0 = Release|x86
		{B1573E4C-7036-4F4B-A023-1A466816C89A}.Release|Any CPU.ActiveCfg = Release|Any CPU
		{B1573E4C-7036-4F4B-A023-1A466816C89A}.Release|Any CPU.Build.0 = Release|Any CPU
		{B1573E4C-7036-4F4B-A023-1A466816C89A}.Release|x64.ActiveCfg = Release|x64
		{B1573E4C-7036-4F4B-A023-1A466816C89A}.Release|x64.Build.0 = Release|x64
		{B1573E4C-7036-4F4B-A023-1A466816C89A}.Release|x86.ActiveCfg = Release|x86
		{B1573E4C-7036-4F4B-A023-1A466816C89A}.Release|x86.Build.0 = Release|x86
		{471D30EA-4772-4CEA-9B57-B9B7CE86A922}.Debug|Any CPU.ActiveCfg = Debug|Any CPU
		{471D30EA-4772-4CEA-9B57-B9B7CE86A922}.Debug|Any CPU.Build.0 = Debug|Any CPU
		{471D30EA-4772-4CEA-9B57-B9B7CE86A922}.Debug|x64.ActiveCfg = Debug|x64
		{471D30EA-4772-4CEA-9B57-B9B7CE86A922}.Debug|x64.Build.0 = Debug|x64
		{471D30EA-4772-4CEA-9B57-B9B7CE86A922}.Debug|x86.ActiveCfg = Debug|x86
		{471D30EA-4772-4CEA-9B57-B9B7CE86A922}.Debug|x86.Build.0 = Debug|x86
		{471D30EA-4772-4CEA-9B57-B9B7CE86A922}.DotfuscatedRelease|Any CPU.ActiveCfg = Release|Any CPU
		{471D30EA-4772-4CEA-9B57-B9B7CE86A922}.DotfuscatedRelease|Any CPU.Build.0 = Release|Any CPU
		{471D30EA-4772-4CEA-9B57-B9B7CE86A922}.DotfuscatedRelease|x64.ActiveCfg = Release|x64
		{471D30EA-4772-4CEA-9B57-B9B7CE86A922}.DotfuscatedRelease|x64.Build.0 = Release|x64
		{471D30EA-4772-4CEA-9B57-B9B7CE86A922}.DotfuscatedRelease|x86.ActiveCfg = Release|x86
		{471D30EA-4772-4CEA-9B57-B9B7CE86A922}.DotfuscatedRelease|x86.Build.0 = Release|x86
		{471D30EA-4772-4CEA-9B57-B9B7CE86A922}.Release|Any CPU.ActiveCfg = Release|Any CPU
		{471D30EA-4772-4CEA-9B57-B9B7CE86A922}.Release|Any CPU.Build.0 = Release|Any CPU
		{471D30EA-4772-4CEA-9B57-B9B7CE86A922}.Release|x64.ActiveCfg = Release|x64
		{471D30EA-4772-4CEA-9B57-B9B7CE86A922}.Release|x64.Build.0 = Release|x64
		{471D30EA-4772-4CEA-9B57-B9B7CE86A922}.Release|x86.ActiveCfg = Release|x86
		{471D30EA-4772-4CEA-9B57-B9B7CE86A922}.Release|x86.Build.0 = Release|x86
		{637DC8A4-8DC9-4691-9253-383A0CABEADD}.Debug|Any CPU.ActiveCfg = Debug|Any CPU
		{637DC8A4-8DC9-4691-9253-383A0CABEADD}.Debug|Any CPU.Build.0 = Debug|Any CPU
		{637DC8A4-8DC9-4691-9253-383A0CABEADD}.Debug|x64.ActiveCfg = Debug|x64
		{637DC8A4-8DC9-4691-9253-383A0CABEADD}.Debug|x64.Build.0 = Debug|x64
		{637DC8A4-8DC9-4691-9253-383A0CABEADD}.Debug|x86.ActiveCfg = Debug|x86
		{637DC8A4-8DC9-4691-9253-383A0CABEADD}.Debug|x86.Build.0 = Debug|x86
		{637DC8A4-8DC9-4691-9253-383A0CABEADD}.DotfuscatedRelease|Any CPU.ActiveCfg = Release|Any CPU
		{637DC8A4-8DC9-4691-9253-383A0CABEADD}.DotfuscatedRelease|Any CPU.Build.0 = Release|Any CPU
		{637DC8A4-8DC9-4691-9253-383A0CABEADD}.DotfuscatedRelease|x64.ActiveCfg = Release|x64
		{637DC8A4-8DC9-4691-9253-383A0CABEADD}.DotfuscatedRelease|x64.Build.0 = Release|x64
		{637DC8A4-8DC9-4691-9253-383A0CABEADD}.DotfuscatedRelease|x86.ActiveCfg = Release|x86
		{637DC8A4-8DC9-4691-9253-383A0CABEADD}.DotfuscatedRelease|x86.Build.0 = Release|x86
		{637DC8A4-8DC9-4691-9253-383A0CABEADD}.Release|Any CPU.ActiveCfg = Release|Any CPU
		{637DC8A4-8DC9-4691-9253-383A0CABEADD}.Release|Any CPU.Build.0 = Release|Any CPU
		{637DC8A4-8DC9-4691-9253-383A0CABEADD}.Release|x64.ActiveCfg = Release|x64
		{637DC8A4-8DC9-4691-9253-383A0CABEADD}.Release|x64.Build.0 = Release|x64
		{637DC8A4-8DC9-4691-9253-383A0CABEADD}.Release|x86.ActiveCfg = Release|x86
		{637DC8A4-8DC9-4691-9253-383A0CABEADD}.Release|x86.Build.0 = Release|x86
		{3A9557D7-801A-4BAC-94A9-334115CF7052}.Debug|Any CPU.ActiveCfg = Debug|Any CPU
		{3A9557D7-801A-4BAC-94A9-334115CF7052}.Debug|Any CPU.Build.0 = Debug|Any CPU
		{3A9557D7-801A-4BAC-94A9-334115CF7052}.Debug|x64.ActiveCfg = Debug|x64
		{3A9557D7-801A-4BAC-94A9-334115CF7052}.Debug|x64.Build.0 = Debug|x64
		{3A9557D7-801A-4BAC-94A9-334115CF7052}.Debug|x86.ActiveCfg = Debug|x86
		{3A9557D7-801A-4BAC-94A9-334115CF7052}.Debug|x86.Build.0 = Debug|x86
		{3A9557D7-801A-4BAC-94A9-334115CF7052}.DotfuscatedRelease|Any CPU.ActiveCfg = Release|Any CPU
		{3A9557D7-801A-4BAC-94A9-334115CF7052}.DotfuscatedRelease|Any CPU.Build.0 = Release|Any CPU
		{3A9557D7-801A-4BAC-94A9-334115CF7052}.DotfuscatedRelease|x64.ActiveCfg = Release|x64
		{3A9557D7-801A-4BAC-94A9-334115CF7052}.DotfuscatedRelease|x64.Build.0 = Release|x64
		{3A9557D7-801A-4BAC-94A9-334115CF7052}.DotfuscatedRelease|x86.ActiveCfg = Release|x86
		{3A9557D7-801A-4BAC-94A9-334115CF7052}.DotfuscatedRelease|x86.Build.0 = Release|x86
		{3A9557D7-801A-4BAC-94A9-334115CF7052}.Release|Any CPU.ActiveCfg = Release|Any CPU
		{3A9557D7-801A-4BAC-94A9-334115CF7052}.Release|Any CPU.Build.0 = Release|Any CPU
		{3A9557D7-801A-4BAC-94A9-334115CF7052}.Release|x64.ActiveCfg = Release|x64
		{3A9557D7-801A-4BAC-94A9-334115CF7052}.Release|x64.Build.0 = Release|x64
		{3A9557D7-801A-4BAC-94A9-334115CF7052}.Release|x86.ActiveCfg = Release|x86
		{3A9557D7-801A-4BAC-94A9-334115CF7052}.Release|x86.Build.0 = Release|x86
		{EA1DAD3D-A2BE-4D21-83B6-8BBCCCBA1950}.Debug|Any CPU.ActiveCfg = Debug|Any CPU
		{EA1DAD3D-A2BE-4D21-83B6-8BBCCCBA1950}.Debug|Any CPU.Build.0 = Debug|Any CPU
		{EA1DAD3D-A2BE-4D21-83B6-8BBCCCBA1950}.Debug|x64.ActiveCfg = Debug|x64
		{EA1DAD3D-A2BE-4D21-83B6-8BBCCCBA1950}.Debug|x64.Build.0 = Debug|x64
		{EA1DAD3D-A2BE-4D21-83B6-8BBCCCBA1950}.Debug|x86.ActiveCfg = Debug|x86
		{EA1DAD3D-A2BE-4D21-83B6-8BBCCCBA1950}.Debug|x86.Build.0 = Debug|x86
		{EA1DAD3D-A2BE-4D21-83B6-8BBCCCBA1950}.DotfuscatedRelease|Any CPU.ActiveCfg = Release|Any CPU
		{EA1DAD3D-A2BE-4D21-83B6-8BBCCCBA1950}.DotfuscatedRelease|Any CPU.Build.0 = Release|Any CPU
		{EA1DAD3D-A2BE-4D21-83B6-8BBCCCBA1950}.DotfuscatedRelease|x64.ActiveCfg = Release|x64
		{EA1DAD3D-A2BE-4D21-83B6-8BBCCCBA1950}.DotfuscatedRelease|x64.Build.0 = Release|x64
		{EA1DAD3D-A2BE-4D21-83B6-8BBCCCBA1950}.DotfuscatedRelease|x86.ActiveCfg = Release|x86
		{EA1DAD3D-A2BE-4D21-83B6-8BBCCCBA1950}.DotfuscatedRelease|x86.Build.0 = Release|x86
		{EA1DAD3D-A2BE-4D21-83B6-8BBCCCBA1950}.Release|Any CPU.ActiveCfg = Release|Any CPU
		{EA1DAD3D-A2BE-4D21-83B6-8BBCCCBA1950}.Release|Any CPU.Build.0 = Release|Any CPU
		{EA1DAD3D-A2BE-4D21-83B6-8BBCCCBA1950}.Release|x64.ActiveCfg = Release|x64
		{EA1DAD3D-A2BE-4D21-83B6-8BBCCCBA1950}.Release|x64.Build.0 = Release|x64
		{EA1DAD3D-A2BE-4D21-83B6-8BBCCCBA1950}.Release|x86.ActiveCfg = Release|x86
		{EA1DAD3D-A2BE-4D21-83B6-8BBCCCBA1950}.Release|x86.Build.0 = Release|x86
		{E530478D-FD04-4FE0-A0D6-235EC884754C}.Debug|Any CPU.ActiveCfg = Debug|Any CPU
		{E530478D-FD04-4FE0-A0D6-235EC884754C}.Debug|Any CPU.Build.0 = Debug|Any CPU
		{E530478D-FD04-4FE0-A0D6-235EC884754C}.Debug|x64.ActiveCfg = Debug|x64
		{E530478D-FD04-4FE0-A0D6-235EC884754C}.Debug|x64.Build.0 = Debug|x64
		{E530478D-FD04-4FE0-A0D6-235EC884754C}.Debug|x86.ActiveCfg = Debug|x86
		{E530478D-FD04-4FE0-A0D6-235EC884754C}.Debug|x86.Build.0 = Debug|x86
		{E530478D-FD04-4FE0-A0D6-235EC884754C}.DotfuscatedRelease|Any CPU.ActiveCfg = Release|Any CPU
		{E530478D-FD04-4FE0-A0D6-235EC884754C}.DotfuscatedRelease|Any CPU.Build.0 = Release|Any CPU
		{E530478D-FD04-4FE0-A0D6-235EC884754C}.DotfuscatedRelease|x64.ActiveCfg = Release|x64
		{E530478D-FD04-4FE0-A0D6-235EC884754C}.DotfuscatedRelease|x64.Build.0 = Release|x64
		{E530478D-FD04-4FE0-A0D6-235EC884754C}.DotfuscatedRelease|x86.ActiveCfg = Release|x86
		{E530478D-FD04-4FE0-A0D6-235EC884754C}.DotfuscatedRelease|x86.Build.0 = Release|x86
		{E530478D-FD04-4FE0-A0D6-235EC884754C}.Release|Any CPU.ActiveCfg = Release|Any CPU
		{E530478D-FD04-4FE0-A0D6-235EC884754C}.Release|Any CPU.Build.0 = Release|Any CPU
		{E530478D-FD04-4FE0-A0D6-235EC884754C}.Release|x64.ActiveCfg = Release|x64
		{E530478D-FD04-4FE0-A0D6-235EC884754C}.Release|x64.Build.0 = Release|x64
		{E530478D-FD04-4FE0-A0D6-235EC884754C}.Release|x86.ActiveCfg = Release|x86
		{E530478D-FD04-4FE0-A0D6-235EC884754C}.Release|x86.Build.0 = Release|x86
		{1FC1B97B-BEF3-4EB1-A409-855EEFEB1A07}.Debug|Any CPU.ActiveCfg = Debug
		{1FC1B97B-BEF3-4EB1-A409-855EEFEB1A07}.Debug|Any CPU.Build.0 = Debug
		{1FC1B97B-BEF3-4EB1-A409-855EEFEB1A07}.Debug|x64.ActiveCfg = Debug
		{1FC1B97B-BEF3-4EB1-A409-855EEFEB1A07}.Debug|x64.Build.0 = Debug
		{1FC1B97B-BEF3-4EB1-A409-855EEFEB1A07}.Debug|x86.ActiveCfg = Debug
		{1FC1B97B-BEF3-4EB1-A409-855EEFEB1A07}.Debug|x86.Build.0 = Debug
		{1FC1B97B-BEF3-4EB1-A409-855EEFEB1A07}.DotfuscatedRelease|Any CPU.ActiveCfg = DotfuscatedRelease
		{1FC1B97B-BEF3-4EB1-A409-855EEFEB1A07}.DotfuscatedRelease|Any CPU.Build.0 = DotfuscatedRelease
		{1FC1B97B-BEF3-4EB1-A409-855EEFEB1A07}.DotfuscatedRelease|x64.ActiveCfg = DotfuscatedRelease
		{1FC1B97B-BEF3-4EB1-A409-855EEFEB1A07}.DotfuscatedRelease|x64.Build.0 = DotfuscatedRelease
		{1FC1B97B-BEF3-4EB1-A409-855EEFEB1A07}.DotfuscatedRelease|x86.ActiveCfg = DotfuscatedRelease
		{1FC1B97B-BEF3-4EB1-A409-855EEFEB1A07}.DotfuscatedRelease|x86.Build.0 = DotfuscatedRelease
		{1FC1B97B-BEF3-4EB1-A409-855EEFEB1A07}.Release|Any CPU.ActiveCfg = Release
		{1FC1B97B-BEF3-4EB1-A409-855EEFEB1A07}.Release|Any CPU.Build.0 = Release
		{1FC1B97B-BEF3-4EB1-A409-855EEFEB1A07}.Release|x64.ActiveCfg = Release
		{1FC1B97B-BEF3-4EB1-A409-855EEFEB1A07}.Release|x64.Build.0 = Release
		{1FC1B97B-BEF3-4EB1-A409-855EEFEB1A07}.Release|x86.ActiveCfg = Release
		{1FC1B97B-BEF3-4EB1-A409-855EEFEB1A07}.Release|x86.Build.0 = Release
		{8A620D06-3678-435E-A9CD-166AD9A39B48}.Debug|Any CPU.ActiveCfg = Debug
		{8A620D06-3678-435E-A9CD-166AD9A39B48}.Debug|Any CPU.Build.0 = Debug
		{8A620D06-3678-435E-A9CD-166AD9A39B48}.Debug|x64.ActiveCfg = Debug
		{8A620D06-3678-435E-A9CD-166AD9A39B48}.Debug|x64.Build.0 = Debug
		{8A620D06-3678-435E-A9CD-166AD9A39B48}.Debug|x86.ActiveCfg = Debug
		{8A620D06-3678-435E-A9CD-166AD9A39B48}.Debug|x86.Build.0 = Debug
		{8A620D06-3678-435E-A9CD-166AD9A39B48}.DotfuscatedRelease|Any CPU.ActiveCfg = DotfuscatedRelease
		{8A620D06-3678-435E-A9CD-166AD9A39B48}.DotfuscatedRelease|Any CPU.Build.0 = DotfuscatedRelease
		{8A620D06-3678-435E-A9CD-166AD9A39B48}.DotfuscatedRelease|x64.ActiveCfg = DotfuscatedRelease
		{8A620D06-3678-435E-A9CD-166AD9A39B48}.DotfuscatedRelease|x64.Build.0 = DotfuscatedRelease
		{8A620D06-3678-435E-A9CD-166AD9A39B48}.DotfuscatedRelease|x86.ActiveCfg = DotfuscatedRelease
		{8A620D06-3678-435E-A9CD-166AD9A39B48}.DotfuscatedRelease|x86.Build.0 = DotfuscatedRelease
		{8A620D06-3678-435E-A9CD-166AD9A39B48}.Release|Any CPU.ActiveCfg = Release
		{8A620D06-3678-435E-A9CD-166AD9A39B48}.Release|Any CPU.Build.0 = Release
		{8A620D06-3678-435E-A9CD-166AD9A39B48}.Release|x64.ActiveCfg = Release
		{8A620D06-3678-435E-A9CD-166AD9A39B48}.Release|x64.Build.0 = Release
		{8A620D06-3678-435E-A9CD-166AD9A39B48}.Release|x86.ActiveCfg = Release
		{8A620D06-3678-435E-A9CD-166AD9A39B48}.Release|x86.Build.0 = Release
		{AB83C145-22CB-41E3-880E-8A7E63E385FE}.Debug|Any CPU.ActiveCfg = Debug
		{AB83C145-22CB-41E3-880E-8A7E63E385FE}.Debug|Any CPU.Build.0 = Debug
		{AB83C145-22CB-41E3-880E-8A7E63E385FE}.Debug|x64.ActiveCfg = Debug
		{AB83C145-22CB-41E3-880E-8A7E63E385FE}.Debug|x64.Build.0 = Debug
		{AB83C145-22CB-41E3-880E-8A7E63E385FE}.Debug|x86.ActiveCfg = Debug
		{AB83C145-22CB-41E3-880E-8A7E63E385FE}.Debug|x86.Build.0 = Debug
		{AB83C145-22CB-41E3-880E-8A7E63E385FE}.DotfuscatedRelease|Any CPU.ActiveCfg = Release
		{AB83C145-22CB-41E3-880E-8A7E63E385FE}.DotfuscatedRelease|Any CPU.Build.0 = Release
		{AB83C145-22CB-41E3-880E-8A7E63E385FE}.DotfuscatedRelease|x64.ActiveCfg = Release
		{AB83C145-22CB-41E3-880E-8A7E63E385FE}.DotfuscatedRelease|x64.Build.0 = Release
		{AB83C145-22CB-41E3-880E-8A7E63E385FE}.DotfuscatedRelease|x86.ActiveCfg = Release
		{AB83C145-22CB-41E3-880E-8A7E63E385FE}.DotfuscatedRelease|x86.Build.0 = Release
		{AB83C145-22CB-41E3-880E-8A7E63E385FE}.Release|Any CPU.ActiveCfg = Release
		{AB83C145-22CB-41E3-880E-8A7E63E385FE}.Release|Any CPU.Build.0 = Release
		{AB83C145-22CB-41E3-880E-8A7E63E385FE}.Release|x64.ActiveCfg = Release
		{AB83C145-22CB-41E3-880E-8A7E63E385FE}.Release|x64.Build.0 = Release
		{AB83C145-22CB-41E3-880E-8A7E63E385FE}.Release|x86.ActiveCfg = Release
		{AB83C145-22CB-41E3-880E-8A7E63E385FE}.Release|x86.Build.0 = Release
		{9CBBD1AF-E50F-42C8-B2D7-41D8D49AFAA2}.Debug|Any CPU.ActiveCfg = Debug
		{9CBBD1AF-E50F-42C8-B2D7-41D8D49AFAA2}.Debug|Any CPU.Build.0 = Debug
		{9CBBD1AF-E50F-42C8-B2D7-41D8D49AFAA2}.Debug|x64.ActiveCfg = Debug
		{9CBBD1AF-E50F-42C8-B2D7-41D8D49AFAA2}.Debug|x64.Build.0 = Debug
		{9CBBD1AF-E50F-42C8-B2D7-41D8D49AFAA2}.Debug|x86.ActiveCfg = Debug
		{9CBBD1AF-E50F-42C8-B2D7-41D8D49AFAA2}.Debug|x86.Build.0 = Debug
		{9CBBD1AF-E50F-42C8-B2D7-41D8D49AFAA2}.DotfuscatedRelease|Any CPU.ActiveCfg = DotfuscatedRelease
		{9CBBD1AF-E50F-42C8-B2D7-41D8D49AFAA2}.DotfuscatedRelease|Any CPU.Build.0 = DotfuscatedRelease
		{9CBBD1AF-E50F-42C8-B2D7-41D8D49AFAA2}.DotfuscatedRelease|x64.ActiveCfg = DotfuscatedRelease
		{9CBBD1AF-E50F-42C8-B2D7-41D8D49AFAA2}.DotfuscatedRelease|x64.Build.0 = DotfuscatedRelease
		{9CBBD1AF-E50F-42C8-B2D7-41D8D49AFAA2}.DotfuscatedRelease|x86.ActiveCfg = DotfuscatedRelease
		{9CBBD1AF-E50F-42C8-B2D7-41D8D49AFAA2}.DotfuscatedRelease|x86.Build.0 = DotfuscatedRelease
		{9CBBD1AF-E50F-42C8-B2D7-41D8D49AFAA2}.Release|Any CPU.ActiveCfg = Release
		{9CBBD1AF-E50F-42C8-B2D7-41D8D49AFAA2}.Release|Any CPU.Build.0 = Release
		{9CBBD1AF-E50F-42C8-B2D7-41D8D49AFAA2}.Release|x64.ActiveCfg = Release
		{9CBBD1AF-E50F-42C8-B2D7-41D8D49AFAA2}.Release|x64.Build.0 = Release
		{9CBBD1AF-E50F-42C8-B2D7-41D8D49AFAA2}.Release|x86.ActiveCfg = Release
		{9CBBD1AF-E50F-42C8-B2D7-41D8D49AFAA2}.Release|x86.Build.0 = Release
		{DC58FB13-81CB-4602-9936-29ED5D6B8F97}.Debug|Any CPU.ActiveCfg = Debug|Any CPU
		{DC58FB13-81CB-4602-9936-29ED5D6B8F97}.Debug|Any CPU.Build.0 = Debug|Any CPU
		{DC58FB13-81CB-4602-9936-29ED5D6B8F97}.Debug|x64.ActiveCfg = Debug|x64
		{DC58FB13-81CB-4602-9936-29ED5D6B8F97}.Debug|x64.Build.0 = Debug|x64
		{DC58FB13-81CB-4602-9936-29ED5D6B8F97}.Debug|x86.ActiveCfg = Debug|x86
		{DC58FB13-81CB-4602-9936-29ED5D6B8F97}.Debug|x86.Build.0 = Debug|x86
		{DC58FB13-81CB-4602-9936-29ED5D6B8F97}.DotfuscatedRelease|Any CPU.ActiveCfg = DotfuscatedRelease|Any CPU
		{DC58FB13-81CB-4602-9936-29ED5D6B8F97}.DotfuscatedRelease|Any CPU.Build.0 = DotfuscatedRelease|Any CPU
		{DC58FB13-81CB-4602-9936-29ED5D6B8F97}.DotfuscatedRelease|x64.ActiveCfg = DotfuscatedRelease|x64
		{DC58FB13-81CB-4602-9936-29ED5D6B8F97}.DotfuscatedRelease|x64.Build.0 = DotfuscatedRelease|x64
		{DC58FB13-81CB-4602-9936-29ED5D6B8F97}.DotfuscatedRelease|x86.ActiveCfg = DotfuscatedRelease|x86
		{DC58FB13-81CB-4602-9936-29ED5D6B8F97}.DotfuscatedRelease|x86.Build.0 = DotfuscatedRelease|x86
		{DC58FB13-81CB-4602-9936-29ED5D6B8F97}.Release|Any CPU.ActiveCfg = Release|Any CPU
		{DC58FB13-81CB-4602-9936-29ED5D6B8F97}.Release|Any CPU.Build.0 = Release|Any CPU
		{DC58FB13-81CB-4602-9936-29ED5D6B8F97}.Release|x64.ActiveCfg = Release|x64
		{DC58FB13-81CB-4602-9936-29ED5D6B8F97}.Release|x64.Build.0 = Release|x64
		{DC58FB13-81CB-4602-9936-29ED5D6B8F97}.Release|x86.ActiveCfg = Release|x86
		{DC58FB13-81CB-4602-9936-29ED5D6B8F97}.Release|x86.Build.0 = Release|x86
		{6582C0CD-2B68-4475-BDC7-49A600D0E136}.Debug|Any CPU.ActiveCfg = Debug|Any CPU
		{6582C0CD-2B68-4475-BDC7-49A600D0E136}.Debug|Any CPU.Build.0 = Debug|Any CPU
		{6582C0CD-2B68-4475-BDC7-49A600D0E136}.Debug|x64.ActiveCfg = Debug|x64
		{6582C0CD-2B68-4475-BDC7-49A600D0E136}.Debug|x64.Build.0 = Debug|x64
		{6582C0CD-2B68-4475-BDC7-49A600D0E136}.Debug|x86.ActiveCfg = Debug|Any CPU
		{6582C0CD-2B68-4475-BDC7-49A600D0E136}.Debug|x86.Build.0 = Debug|Any CPU
		{6582C0CD-2B68-4475-BDC7-49A600D0E136}.DotfuscatedRelease|Any CPU.ActiveCfg = Release|Any CPU
		{6582C0CD-2B68-4475-BDC7-49A600D0E136}.DotfuscatedRelease|Any CPU.Build.0 = Release|Any CPU
		{6582C0CD-2B68-4475-BDC7-49A600D0E136}.DotfuscatedRelease|x64.ActiveCfg = Release|Any CPU
		{6582C0CD-2B68-4475-BDC7-49A600D0E136}.DotfuscatedRelease|x64.Build.0 = Release|Any CPU
		{6582C0CD-2B68-4475-BDC7-49A600D0E136}.DotfuscatedRelease|x86.ActiveCfg = Release|Any CPU
		{6582C0CD-2B68-4475-BDC7-49A600D0E136}.DotfuscatedRelease|x86.Build.0 = Release|Any CPU
		{6582C0CD-2B68-4475-BDC7-49A600D0E136}.Release|Any CPU.ActiveCfg = Release|Any CPU
		{6582C0CD-2B68-4475-BDC7-49A600D0E136}.Release|Any CPU.Build.0 = Release|Any CPU
		{6582C0CD-2B68-4475-BDC7-49A600D0E136}.Release|x64.ActiveCfg = Release|Any CPU
		{6582C0CD-2B68-4475-BDC7-49A600D0E136}.Release|x64.Build.0 = Release|Any CPU
		{6582C0CD-2B68-4475-BDC7-49A600D0E136}.Release|x86.ActiveCfg = Release|Any CPU
		{6582C0CD-2B68-4475-BDC7-49A600D0E136}.Release|x86.Build.0 = Release|Any CPU
		{BEDF9BE7-12EE-436C-BA27-AB69DB50D681}.Debug|Any CPU.ActiveCfg = Debug|Any CPU
		{BEDF9BE7-12EE-436C-BA27-AB69DB50D681}.Debug|Any CPU.Build.0 = Debug|Any CPU
		{BEDF9BE7-12EE-436C-BA27-AB69DB50D681}.Debug|x64.ActiveCfg = Debug|x64
		{BEDF9BE7-12EE-436C-BA27-AB69DB50D681}.Debug|x64.Build.0 = Debug|x64
		{BEDF9BE7-12EE-436C-BA27-AB69DB50D681}.Debug|x86.ActiveCfg = Debug|Any CPU
		{BEDF9BE7-12EE-436C-BA27-AB69DB50D681}.Debug|x86.Build.0 = Debug|Any CPU
		{BEDF9BE7-12EE-436C-BA27-AB69DB50D681}.DotfuscatedRelease|Any CPU.ActiveCfg = Release|Any CPU
		{BEDF9BE7-12EE-436C-BA27-AB69DB50D681}.DotfuscatedRelease|Any CPU.Build.0 = Release|Any CPU
		{BEDF9BE7-12EE-436C-BA27-AB69DB50D681}.DotfuscatedRelease|x64.ActiveCfg = Release|x64
		{BEDF9BE7-12EE-436C-BA27-AB69DB50D681}.DotfuscatedRelease|x64.Build.0 = Release|x64
		{BEDF9BE7-12EE-436C-BA27-AB69DB50D681}.DotfuscatedRelease|x86.ActiveCfg = Release|Any CPU
		{BEDF9BE7-12EE-436C-BA27-AB69DB50D681}.DotfuscatedRelease|x86.Build.0 = Release|Any CPU
		{BEDF9BE7-12EE-436C-BA27-AB69DB50D681}.Release|Any CPU.ActiveCfg = Release|Any CPU
		{BEDF9BE7-12EE-436C-BA27-AB69DB50D681}.Release|Any CPU.Build.0 = Release|Any CPU
		{BEDF9BE7-12EE-436C-BA27-AB69DB50D681}.Release|x64.ActiveCfg = Release|Any CPU
		{BEDF9BE7-12EE-436C-BA27-AB69DB50D681}.Release|x64.Build.0 = Release|Any CPU
		{BEDF9BE7-12EE-436C-BA27-AB69DB50D681}.Release|x86.ActiveCfg = Release|Any CPU
		{BEDF9BE7-12EE-436C-BA27-AB69DB50D681}.Release|x86.Build.0 = Release|Any CPU
		{C3AB3E64-2D6B-4E3E-8548-6A8BDEE29455}.Debug|Any CPU.ActiveCfg = Debug|Any CPU
		{C3AB3E64-2D6B-4E3E-8548-6A8BDEE29455}.Debug|Any CPU.Build.0 = Debug|Any CPU
		{C3AB3E64-2D6B-4E3E-8548-6A8BDEE29455}.Debug|x64.ActiveCfg = Debug|x64
		{C3AB3E64-2D6B-4E3E-8548-6A8BDEE29455}.Debug|x64.Build.0 = Debug|x64
		{C3AB3E64-2D6B-4E3E-8548-6A8BDEE29455}.Debug|x86.ActiveCfg = Debug|Any CPU
		{C3AB3E64-2D6B-4E3E-8548-6A8BDEE29455}.Debug|x86.Build.0 = Debug|Any CPU
		{C3AB3E64-2D6B-4E3E-8548-6A8BDEE29455}.DotfuscatedRelease|Any CPU.ActiveCfg = Release|Any CPU
		{C3AB3E64-2D6B-4E3E-8548-6A8BDEE29455}.DotfuscatedRelease|Any CPU.Build.0 = Release|Any CPU
		{C3AB3E64-2D6B-4E3E-8548-6A8BDEE29455}.DotfuscatedRelease|x64.ActiveCfg = Release|Any CPU
		{C3AB3E64-2D6B-4E3E-8548-6A8BDEE29455}.DotfuscatedRelease|x64.Build.0 = Release|Any CPU
		{C3AB3E64-2D6B-4E3E-8548-6A8BDEE29455}.DotfuscatedRelease|x86.ActiveCfg = Release|Any CPU
		{C3AB3E64-2D6B-4E3E-8548-6A8BDEE29455}.DotfuscatedRelease|x86.Build.0 = Release|Any CPU
		{C3AB3E64-2D6B-4E3E-8548-6A8BDEE29455}.Release|Any CPU.ActiveCfg = Release|Any CPU
		{C3AB3E64-2D6B-4E3E-8548-6A8BDEE29455}.Release|Any CPU.Build.0 = Release|Any CPU
		{C3AB3E64-2D6B-4E3E-8548-6A8BDEE29455}.Release|x64.ActiveCfg = Release|Any CPU
		{C3AB3E64-2D6B-4E3E-8548-6A8BDEE29455}.Release|x64.Build.0 = Release|Any CPU
		{C3AB3E64-2D6B-4E3E-8548-6A8BDEE29455}.Release|x86.ActiveCfg = Release|Any CPU
		{C3AB3E64-2D6B-4E3E-8548-6A8BDEE29455}.Release|x86.Build.0 = Release|Any CPU
		{C88964AF-F267-4EB4-89EC-543734243E4E}.Debug|Any CPU.ActiveCfg = Debug|Any CPU
		{C88964AF-F267-4EB4-89EC-543734243E4E}.Debug|Any CPU.Build.0 = Debug|Any CPU
		{C88964AF-F267-4EB4-89EC-543734243E4E}.Debug|x64.ActiveCfg = Debug|Any CPU
		{C88964AF-F267-4EB4-89EC-543734243E4E}.Debug|x64.Build.0 = Debug|Any CPU
		{C88964AF-F267-4EB4-89EC-543734243E4E}.Debug|x86.ActiveCfg = Debug|Any CPU
		{C88964AF-F267-4EB4-89EC-543734243E4E}.Debug|x86.Build.0 = Debug|Any CPU
		{C88964AF-F267-4EB4-89EC-543734243E4E}.DotfuscatedRelease|Any CPU.ActiveCfg = Release|Any CPU
		{C88964AF-F267-4EB4-89EC-543734243E4E}.DotfuscatedRelease|Any CPU.Build.0 = Release|Any CPU
		{C88964AF-F267-4EB4-89EC-543734243E4E}.DotfuscatedRelease|x64.ActiveCfg = Release|Any CPU
		{C88964AF-F267-4EB4-89EC-543734243E4E}.DotfuscatedRelease|x64.Build.0 = Release|Any CPU
		{C88964AF-F267-4EB4-89EC-543734243E4E}.DotfuscatedRelease|x86.ActiveCfg = Release|Any CPU
		{C88964AF-F267-4EB4-89EC-543734243E4E}.DotfuscatedRelease|x86.Build.0 = Release|Any CPU
		{C88964AF-F267-4EB4-89EC-543734243E4E}.Release|Any CPU.ActiveCfg = Release|Any CPU
		{C88964AF-F267-4EB4-89EC-543734243E4E}.Release|Any CPU.Build.0 = Release|Any CPU
		{C88964AF-F267-4EB4-89EC-543734243E4E}.Release|x64.ActiveCfg = Release|Any CPU
		{C88964AF-F267-4EB4-89EC-543734243E4E}.Release|x64.Build.0 = Release|Any CPU
		{C88964AF-F267-4EB4-89EC-543734243E4E}.Release|x86.ActiveCfg = Release|Any CPU
		{C88964AF-F267-4EB4-89EC-543734243E4E}.Release|x86.Build.0 = Release|Any CPU
	EndGlobalSection
	GlobalSection(SolutionProperties) = preSolution
		HideSolutionNode = FALSE
	EndGlobalSection
	GlobalSection(ExtensibilityGlobals) = postSolution
		SolutionGuid = {5702C087-9FDB-4360-8A79-28B91EE32C38}
	EndGlobalSection
	GlobalSection(TeamFoundationVersionControl) = preSolution
		SccNumberOfProjects = 39
		SccEnterpriseProvider = {4CA58AB2-18FA-4F8D-95D4-32DDF27D184C}
		SccTeamFoundationServer = https://dev.azure.com/refbits2023
		SccLocalPath0 = .
		SccProjectUniqueName1 = Alglib\\Alglib.csproj
		SccProjectName1 = Alglib
		SccLocalPath1 = Alglib
		SccProjectUniqueName2 = ChartControl\\ChartControl.csproj
		SccProjectName2 = ChartControl
		SccLocalPath2 = ChartControl
		SccProjectUniqueName3 = ColumnTest\\ColumnTest.csproj
		SccProjectName3 = ColumnTest
		SccLocalPath3 = ColumnTest
		SccProjectUniqueName4 = COMThermoClass\\COMThermo.csproj
		SccProjectName4 = COMThermoClass
		SccLocalPath4 = COMThermoClass
		SccProjectUniqueName5 = Data\\Data.csproj
		SccProjectName5 = Data
		SccLocalPath5 = Data
		SccProjectUniqueName6 = DialogControls\\DialogControls.csproj
		SccProjectName6 = DialogControls
		SccLocalPath6 = DialogControls
		SccProjectUniqueName7 = DocToolkit\\DocToolkit.csproj
		SccProjectName7 = DocToolkit
		SccLocalPath7 = DocToolkit
		SccProjectUniqueName8 = Enumerations\\Enumerations.csproj
		SccProjectName8 = Enumerations
		SccLocalPath8 = Enumerations
		SccProjectUniqueName9 = Extensions\\Extensions.csproj
		SccProjectName9 = Extensions
		SccLocalPath9 = Extensions
		SccProjectUniqueName10 = FCC_COM\\FCC_COM.csproj
		SccProjectName10 = FCC_COM
		SccLocalPath10 = FCC_COM
		SccProjectUniqueName11 = GeneralMatrix\\GeneralMatrix.csproj
		SccProjectName11 = GeneralMatrix
		SccLocalPath11 = GeneralMatrix
		SccProjectUniqueName12 = GenericRxBed\\GenericRxBed.csproj
		SccProjectName12 = GenericRxBed
		SccLocalPath12 = GenericRxBed
		SccProjectUniqueName13 = Grid\\Grid\\Grid.csproj
		SccProjectName13 = Grid/Grid
		SccLocalPath13 = Grid\\Grid
		SccProjectUniqueName14 = IAPWSSteam\\IAPWSSteam.csproj
		SccProjectName14 = IAPWSSteam
		SccLocalPath14 = IAPWSSteam
		SccProjectUniqueName15 = Math\\Math.csproj
		SccProjectName15 = Math
		SccLocalPath15 = Math
		SccProjectUniqueName16 = ModelEngine\\ModelEngine.csproj
		SccProjectName16 = ModelEngine
		SccLocalPath16 = ModelEngine
		SccProjectUniqueName17 = NaphthaReformerSI\\NaphthaReformerSI.csproj
		SccProjectName17 = NaphthaReformerSI
		SccLocalPath17 = NaphthaReformerSI
		SccProjectUniqueName18 = RefBits\\Main.csproj
		SccProjectName18 = RefBits
		SccLocalPath18 = RefBits
		SccProjectUniqueName19 = RefbitsProperties\\RefbitsProperties.csproj
		SccProjectName19 = RefbitsProperties
		SccLocalPath19 = RefbitsProperties
		SccProjectUniqueName20 = SetupProps\\SetupProps.vdproj
		SccProjectName20 = SetupProps
		SccLocalPath20 = SetupProps
		SccProjectUniqueName21 = SetupReformer\\SetupReformer.vdproj
		SccProjectName21 = SetupReformer
		SccLocalPath21 = SetupReformer
		SccProjectUniqueName22 = SetupSimulator\\SetupSimulator.vdproj
		SccProjectName22 = SetupSimulator
		SccLocalPath22 = SetupSimulator
		SccProjectUniqueName23 = SetupSteam\\SetupSteam.vdproj
		SccProjectName23 = SetupSteam
		SccLocalPath23 = SetupSteam
		SccProjectUniqueName24 = SetupSteamFunctions\\SetupSteamFunctions.vdproj
		SccProjectName24 = SetupSteamFunctions
		SccLocalPath24 = SetupSteamFunctions
		SccProjectUniqueName25 = Simulator\\Simulator.csproj
		SccProjectName25 = Simulator
		SccLocalPath25 = Simulator
		SccProjectUniqueName26 = SteamProperties\\Steam.csproj
		SccProjectName26 = SteamProperties
		SccLocalPath26 = SteamProperties
		SccProjectUniqueName27 = Test\\Test.csproj
		SccProjectName27 = Test
		SccLocalPath27 = Test
		SccProjectUniqueName28 = TestActiviyModels\\TestActivityModels.csproj
		SccProjectName28 = TestActiviyModels
		SccLocalPath28 = TestActiviyModels
		SccProjectUniqueName29 = TestCharts\\TestCharts.csproj
		SccProjectName29 = TestCharts
		SccLocalPath29 = TestCharts
		SccProjectUniqueName30 = TestColumns\\TestColumns.csproj
		SccProjectName30 = TestColumns
		SccLocalPath30 = TestColumns
		SccProjectUniqueName31 = TestEnthalpy\\TestEnthalpy.csproj
		SccProjectName31 = TestEnthalpy
		SccLocalPath31 = TestEnthalpy
		SccProjectUniqueName32 = TestEOSThermodynamics\\TestEOSThermodynamics.csproj
		SccProjectName32 = TestEOSThermodynamics
		SccLocalPath32 = TestEOSThermodynamics
		SccProjectUniqueName33 = TestFlashes\\TestFlashes.csproj
		SccProjectName33 = TestFlashes
		SccLocalPath33 = TestFlashes
		SccProjectUniqueName34 = TestProject1\\TestSimulation.csproj
		SccProjectName34 = TestProject1
		SccLocalPath34 = TestProject1
		SccProjectUniqueName35 = TestReactors\\TestReactors.csproj
		SccProjectName35 = TestReactors
		SccLocalPath35 = TestReactors
		SccProjectUniqueName36 = TestSpeed\\TestSpeed.csproj
		SccProjectName36 = TestSpeed
		SccLocalPath36 = TestSpeed
		SccProjectUniqueName37 = TestSteam\\TestSteam.csproj
		SccProjectName37 = TestSteam
		SccLocalPath37 = TestSteam
		SccProjectUniqueName38 = Units\\Units.csproj
		SccProjectName38 = Units
		SccLocalPath38 = Units
	EndGlobalSection
EndGlobal
