
Microsoft Visual Studio Solution File, Format Version 12.00
# Visual Studio Version 17
VisualStudioVersion = 17.0.32014.148
MinimumVisualStudioVersion = 10.0.40219.1
Project("{9A19103F-16F7-4668-BE54-9A1E7A4F7556}") = "NaphthaReformerSI", "NaphthaReformerSI.csproj", "{99A840B7-CCB3-487E-AE01-2A5BEBAD0967}"
EndProject
Project("{54435603-DBB4-11D2-8724-00A0C9A8B90C}") = "SetupReformer", "..\SetupReformer\SetupReformer.vdproj", "{FC168697-6F4D-4267-A359-F9B2FA25E246}"
EndProject
Project("{9A19103F-16F7-4668-BE54-9A1E7A4F7556}") = "DialogControls", "..\DialogControls\DialogControls.csproj", "{AA94C22A-8062-498F-AEC2-C7A04652AFAF}"
EndProject
Project("{9A19103F-16F7-4668-BE54-9A1E7A4F7556}") = "IAPWSSteam", "..\IAPWSSteam\IAPWSSteam.csproj", "{80D2E152-C064-4DCA-8D6F-1F0F6512078E}"
EndProject
Project("{9A19103F-16F7-4668-BE54-9A1E7A4F7556}") = "EngineThermo", "..\ModelThermo\EngineThermo.csproj", "{899FCD2C-7B11-4599-B572-90B23F86102B}"
EndProject
Project("{9A19103F-16F7-4668-BE54-9A1E7A4F7556}") = "Units", "..\Units\Units.csproj", "{92B93736-F4A2-4845-893C-A4F2DA04E28F}"
EndProject
Project("{9A19103F-16F7-4668-BE54-9A1E7A4F7556}") = "Extensions", "..\Extensions\Extensions.csproj", "{D948825D-95CC-4E6A-B40C-C0B41C759374}"
EndProject
Project("{9A19103F-16F7-4668-BE54-9A1E7A4F7556}") = "ModelEngine", "..\ModelEngine\ModelEngine.csproj", "{8F1C1DAC-C8CF-488A-BB31-B409010732EF}"
EndProject
Global
	GlobalSection(SolutionConfigurationPlatforms) = preSolution
		Debug|Any CPU = Debug|Any CPU
		Debug|x64 = Debug|x64
		Debug|x86 = Debug|x86
		DotfuscatedRelease|Any CPU = DotfuscatedRelease|Any CPU
		DotfuscatedRelease|x64 = DotfuscatedRelease|x64
		DotfuscatedRelease|x86 = DotfuscatedRelease|x86
		Release|Any CPU = Release|Any CPU
		Release|x64 = Release|x64
		Release|x86 = Release|x86
	EndGlobalSection
	GlobalSection(ProjectConfigurationPlatforms) = postSolution
		{99A840B7-CCB3-487E-AE01-2A5BEBAD0967}.Debug|Any CPU.ActiveCfg = Debug|Any CPU
		{99A840B7-CCB3-487E-AE01-2A5BEBAD0967}.Debug|Any CPU.Build.0 = Debug|Any CPU
		{99A840B7-CCB3-487E-AE01-2A5BEBAD0967}.Debug|x64.ActiveCfg = Debug|x64
		{99A840B7-CCB3-487E-AE01-2A5BEBAD0967}.Debug|x64.Build.0 = Debug|x64
		{99A840B7-CCB3-487E-AE01-2A5BEBAD0967}.Debug|x86.ActiveCfg = Debug|x86
		{99A840B7-CCB3-487E-AE01-2A5BEBAD0967}.Debug|x86.Build.0 = Debug|x86
		{99A840B7-CCB3-487E-AE01-2A5BEBAD0967}.DotfuscatedRelease|Any CPU.ActiveCfg = DotfuscatedRelease|Any CPU
		{99A840B7-CCB3-487E-AE01-2A5BEBAD0967}.DotfuscatedRelease|Any CPU.Build.0 = DotfuscatedRelease|Any CPU
		{99A840B7-CCB3-487E-AE01-2A5BEBAD0967}.DotfuscatedRelease|x64.ActiveCfg = DotfuscatedRelease|x64
		{99A840B7-CCB3-487E-AE01-2A5BEBAD0967}.DotfuscatedRelease|x64.Build.0 = DotfuscatedRelease|x64
		{99A840B7-CCB3-487E-AE01-2A5BEBAD0967}.DotfuscatedRelease|x86.ActiveCfg = DotfuscatedRelease|x86
		{99A840B7-CCB3-487E-AE01-2A5BEBAD0967}.DotfuscatedRelease|x86.Build.0 = DotfuscatedRelease|x86
		{99A840B7-CCB3-487E-AE01-2A5BEBAD0967}.Release|Any CPU.ActiveCfg = Release|Any CPU
		{99A840B7-CCB3-487E-AE01-2A5BEBAD0967}.Release|Any CPU.Build.0 = Release|Any CPU
		{99A840B7-CCB3-487E-AE01-2A5BEBAD0967}.Release|x64.ActiveCfg = Release|x64
		{99A840B7-CCB3-487E-AE01-2A5BEBAD0967}.Release|x64.Build.0 = Release|x64
		{99A840B7-CCB3-487E-AE01-2A5BEBAD0967}.Release|x86.ActiveCfg = Release|x86
		{99A840B7-CCB3-487E-AE01-2A5BEBAD0967}.Release|x86.Build.0 = Release|x86
		{FC168697-6F4D-4267-A359-F9B2FA25E246}.Debug|Any CPU.ActiveCfg = Debug
		{FC168697-6F4D-4267-A359-F9B2FA25E246}.Debug|Any CPU.Build.0 = Debug
		{FC168697-6F4D-4267-A359-F9B2FA25E246}.Debug|x64.ActiveCfg = Debug
		{FC168697-6F4D-4267-A359-F9B2FA25E246}.Debug|x64.Build.0 = Debug
		{FC168697-6F4D-4267-A359-F9B2FA25E246}.Debug|x86.ActiveCfg = Debug
		{FC168697-6F4D-4267-A359-F9B2FA25E246}.Debug|x86.Build.0 = Debug
		{FC168697-6F4D-4267-A359-F9B2FA25E246}.DotfuscatedRelease|Any CPU.ActiveCfg = DotfuscatedRelease
		{FC168697-6F4D-4267-A359-F9B2FA25E246}.DotfuscatedRelease|Any CPU.Build.0 = DotfuscatedRelease
		{FC168697-6F4D-4267-A359-F9B2FA25E246}.DotfuscatedRelease|x64.ActiveCfg = DotfuscatedRelease
		{FC168697-6F4D-4267-A359-F9B2FA25E246}.DotfuscatedRelease|x64.Build.0 = DotfuscatedRelease
		{FC168697-6F4D-4267-A359-F9B2FA25E246}.DotfuscatedRelease|x86.ActiveCfg = DotfuscatedRelease
		{FC168697-6F4D-4267-A359-F9B2FA25E246}.DotfuscatedRelease|x86.Build.0 = DotfuscatedRelease
		{FC168697-6F4D-4267-A359-F9B2FA25E246}.Release|Any CPU.ActiveCfg = Release
		{FC168697-6F4D-4267-A359-F9B2FA25E246}.Release|Any CPU.Build.0 = Release
		{FC168697-6F4D-4267-A359-F9B2FA25E246}.Release|x64.ActiveCfg = Release
		{FC168697-6F4D-4267-A359-F9B2FA25E246}.Release|x64.Build.0 = Release
		{FC168697-6F4D-4267-A359-F9B2FA25E246}.Release|x86.ActiveCfg = Release
		{FC168697-6F4D-4267-A359-F9B2FA25E246}.Release|x86.Build.0 = Release
		{AA94C22A-8062-498F-AEC2-C7A04652AFAF}.Debug|Any CPU.ActiveCfg = Debug|Any CPU
		{AA94C22A-8062-498F-AEC2-C7A04652AFAF}.Debug|Any CPU.Build.0 = Debug|Any CPU
		{AA94C22A-8062-498F-AEC2-C7A04652AFAF}.Debug|x64.ActiveCfg = Debug|x64
		{AA94C22A-8062-498F-AEC2-C7A04652AFAF}.Debug|x64.Build.0 = Debug|x64
		{AA94C22A-8062-498F-AEC2-C7A04652AFAF}.Debug|x86.ActiveCfg = Debug|x86
		{AA94C22A-8062-498F-AEC2-C7A04652AFAF}.Debug|x86.Build.0 = Debug|x86
		{AA94C22A-8062-498F-AEC2-C7A04652AFAF}.DotfuscatedRelease|Any CPU.ActiveCfg = DotfuscatedRelease|Any CPU
		{AA94C22A-8062-498F-AEC2-C7A04652AFAF}.DotfuscatedRelease|Any CPU.Build.0 = DotfuscatedRelease|Any CPU
		{AA94C22A-8062-498F-AEC2-C7A04652AFAF}.DotfuscatedRelease|x64.ActiveCfg = DotfuscatedRelease|x64
		{AA94C22A-8062-498F-AEC2-C7A04652AFAF}.DotfuscatedRelease|x64.Build.0 = DotfuscatedRelease|x64
		{AA94C22A-8062-498F-AEC2-C7A04652AFAF}.DotfuscatedRelease|x86.ActiveCfg = DotfuscatedRelease|x86
		{AA94C22A-8062-498F-AEC2-C7A04652AFAF}.DotfuscatedRelease|x86.Build.0 = DotfuscatedRelease|x86
		{AA94C22A-8062-498F-AEC2-C7A04652AFAF}.Release|Any CPU.ActiveCfg = Release|Any CPU
		{AA94C22A-8062-498F-AEC2-C7A04652AFAF}.Release|Any CPU.Build.0 = Release|Any CPU
		{AA94C22A-8062-498F-AEC2-C7A04652AFAF}.Release|x64.ActiveCfg = Release|x64
		{AA94C22A-8062-498F-AEC2-C7A04652AFAF}.Release|x64.Build.0 = Release|x64
		{AA94C22A-8062-498F-AEC2-C7A04652AFAF}.Release|x86.ActiveCfg = Release|x86
		{AA94C22A-8062-498F-AEC2-C7A04652AFAF}.Release|x86.Build.0 = Release|x86
		{80D2E152-C064-4DCA-8D6F-1F0F6512078E}.Debug|Any CPU.ActiveCfg = Debug|Any CPU
		{80D2E152-C064-4DCA-8D6F-1F0F6512078E}.Debug|Any CPU.Build.0 = Debug|Any CPU
		{80D2E152-C064-4DCA-8D6F-1F0F6512078E}.Debug|x64.ActiveCfg = Debug|x64
		{80D2E152-C064-4DCA-8D6F-1F0F6512078E}.Debug|x64.Build.0 = Debug|x64
		{80D2E152-C064-4DCA-8D6F-1F0F6512078E}.Debug|x86.ActiveCfg = Debug|x86
		{80D2E152-C064-4DCA-8D6F-1F0F6512078E}.Debug|x86.Build.0 = Debug|x86
		{80D2E152-C064-4DCA-8D6F-1F0F6512078E}.DotfuscatedRelease|Any CPU.ActiveCfg = Release|Any CPU
		{80D2E152-C064-4DCA-8D6F-1F0F6512078E}.DotfuscatedRelease|Any CPU.Build.0 = Release|Any CPU
		{80D2E152-C064-4DCA-8D6F-1F0F6512078E}.DotfuscatedRelease|x64.ActiveCfg = Release|x64
		{80D2E152-C064-4DCA-8D6F-1F0F6512078E}.DotfuscatedRelease|x64.Build.0 = Release|x64
		{80D2E152-C064-4DCA-8D6F-1F0F6512078E}.DotfuscatedRelease|x86.ActiveCfg = Release|x86
		{80D2E152-C064-4DCA-8D6F-1F0F6512078E}.DotfuscatedRelease|x86.Build.0 = Release|x86
		{80D2E152-C064-4DCA-8D6F-1F0F6512078E}.Release|Any CPU.ActiveCfg = Release|Any CPU
		{80D2E152-C064-4DCA-8D6F-1F0F6512078E}.Release|Any CPU.Build.0 = Release|Any CPU
		{80D2E152-C064-4DCA-8D6F-1F0F6512078E}.Release|x64.ActiveCfg = Release|x64
		{80D2E152-C064-4DCA-8D6F-1F0F6512078E}.Release|x64.Build.0 = Release|x64
		{80D2E152-C064-4DCA-8D6F-1F0F6512078E}.Release|x86.ActiveCfg = Release|x86
		{80D2E152-C064-4DCA-8D6F-1F0F6512078E}.Release|x86.Build.0 = Release|x86
		{899FCD2C-7B11-4599-B572-90B23F86102B}.Debug|Any CPU.ActiveCfg = Debug|Any CPU
		{899FCD2C-7B11-4599-B572-90B23F86102B}.Debug|Any CPU.Build.0 = Debug|Any CPU
		{899FCD2C-7B11-4599-B572-90B23F86102B}.Debug|x64.ActiveCfg = Debug|x64
		{899FCD2C-7B11-4599-B572-90B23F86102B}.Debug|x64.Build.0 = Debug|x64
		{899FCD2C-7B11-4599-B572-90B23F86102B}.Debug|x86.ActiveCfg = Debug|x86
		{899FCD2C-7B11-4599-B572-90B23F86102B}.Debug|x86.Build.0 = Debug|x86
		{899FCD2C-7B11-4599-B572-90B23F86102B}.DotfuscatedRelease|Any CPU.ActiveCfg = DotfuscatedRelease|Any CPU
		{899FCD2C-7B11-4599-B572-90B23F86102B}.DotfuscatedRelease|Any CPU.Build.0 = DotfuscatedRelease|Any CPU
		{899FCD2C-7B11-4599-B572-90B23F86102B}.DotfuscatedRelease|x64.ActiveCfg = DotfuscatedRelease|x64
		{899FCD2C-7B11-4599-B572-90B23F86102B}.DotfuscatedRelease|x64.Build.0 = DotfuscatedRelease|x64
		{899FCD2C-7B11-4599-B572-90B23F86102B}.DotfuscatedRelease|x86.ActiveCfg = DotfuscatedRelease|x86
		{899FCD2C-7B11-4599-B572-90B23F86102B}.DotfuscatedRelease|x86.Build.0 = DotfuscatedRelease|x86
		{899FCD2C-7B11-4599-B572-90B23F86102B}.Release|Any CPU.ActiveCfg = Release|Any CPU
		{899FCD2C-7B11-4599-B572-90B23F86102B}.Release|Any CPU.Build.0 = Release|Any CPU
		{899FCD2C-7B11-4599-B572-90B23F86102B}.Release|x64.ActiveCfg = Release|x64
		{899FCD2C-7B11-4599-B572-90B23F86102B}.Release|x64.Build.0 = Release|x64
		{899FCD2C-7B11-4599-B572-90B23F86102B}.Release|x86.ActiveCfg = Release|x86
		{899FCD2C-7B11-4599-B572-90B23F86102B}.Release|x86.Build.0 = Release|x86
		{92B93736-F4A2-4845-893C-A4F2DA04E28F}.Debug|Any CPU.ActiveCfg = Debug|Any CPU
		{92B93736-F4A2-4845-893C-A4F2DA04E28F}.Debug|Any CPU.Build.0 = Debug|Any CPU
		{92B93736-F4A2-4845-893C-A4F2DA04E28F}.Debug|x64.ActiveCfg = Debug|x64
		{92B93736-F4A2-4845-893C-A4F2DA04E28F}.Debug|x64.Build.0 = Debug|x64
		{92B93736-F4A2-4845-893C-A4F2DA04E28F}.Debug|x86.ActiveCfg = Debug|x86
		{92B93736-F4A2-4845-893C-A4F2DA04E28F}.Debug|x86.Build.0 = Debug|x86
		{92B93736-F4A2-4845-893C-A4F2DA04E28F}.DotfuscatedRelease|Any CPU.ActiveCfg = DotfuscatedRelease|Any CPU
		{92B93736-F4A2-4845-893C-A4F2DA04E28F}.DotfuscatedRelease|Any CPU.Build.0 = DotfuscatedRelease|Any CPU
		{92B93736-F4A2-4845-893C-A4F2DA04E28F}.DotfuscatedRelease|x64.ActiveCfg = DotfuscatedRelease|x64
		{92B93736-F4A2-4845-893C-A4F2DA04E28F}.DotfuscatedRelease|x64.Build.0 = DotfuscatedRelease|x64
		{92B93736-F4A2-4845-893C-A4F2DA04E28F}.DotfuscatedRelease|x86.ActiveCfg = DotfuscatedRelease|x86
		{92B93736-F4A2-4845-893C-A4F2DA04E28F}.DotfuscatedRelease|x86.Build.0 = DotfuscatedRelease|x86
		{92B93736-F4A2-4845-893C-A4F2DA04E28F}.Release|Any CPU.ActiveCfg = Release|Any CPU
		{92B93736-F4A2-4845-893C-A4F2DA04E28F}.Release|Any CPU.Build.0 = Release|Any CPU
		{92B93736-F4A2-4845-893C-A4F2DA04E28F}.Release|x64.ActiveCfg = Release|x64
		{92B93736-F4A2-4845-893C-A4F2DA04E28F}.Release|x64.Build.0 = Release|x64
		{92B93736-F4A2-4845-893C-A4F2DA04E28F}.Release|x86.ActiveCfg = Release|x86
		{92B93736-F4A2-4845-893C-A4F2DA04E28F}.Release|x86.Build.0 = Release|x86
		{D948825D-95CC-4E6A-B40C-C0B41C759374}.Debug|Any CPU.ActiveCfg = Debug|Any CPU
		{D948825D-95CC-4E6A-B40C-C0B41C759374}.Debug|Any CPU.Build.0 = Debug|Any CPU
		{D948825D-95CC-4E6A-B40C-C0B41C759374}.Debug|x64.ActiveCfg = Debug|x64
		{D948825D-95CC-4E6A-B40C-C0B41C759374}.Debug|x64.Build.0 = Debug|x64
		{D948825D-95CC-4E6A-B40C-C0B41C759374}.Debug|x86.ActiveCfg = Debug|x86
		{D948825D-95CC-4E6A-B40C-C0B41C759374}.Debug|x86.Build.0 = Debug|x86
		{D948825D-95CC-4E6A-B40C-C0B41C759374}.DotfuscatedRelease|Any CPU.ActiveCfg = DotfuscatedRelease|Any CPU
		{D948825D-95CC-4E6A-B40C-C0B41C759374}.DotfuscatedRelease|Any CPU.Build.0 = DotfuscatedRelease|Any CPU
		{D948825D-95CC-4E6A-B40C-C0B41C759374}.DotfuscatedRelease|x64.ActiveCfg = DotfuscatedRelease|x64
		{D948825D-95CC-4E6A-B40C-C0B41C759374}.DotfuscatedRelease|x64.Build.0 = DotfuscatedRelease|x64
		{D948825D-95CC-4E6A-B40C-C0B41C759374}.DotfuscatedRelease|x86.ActiveCfg = DotfuscatedRelease|x86
		{D948825D-95CC-4E6A-B40C-C0B41C759374}.DotfuscatedRelease|x86.Build.0 = DotfuscatedRelease|x86
		{D948825D-95CC-4E6A-B40C-C0B41C759374}.Release|Any CPU.ActiveCfg = Release|Any CPU
		{D948825D-95CC-4E6A-B40C-C0B41C759374}.Release|Any CPU.Build.0 = Release|Any CPU
		{D948825D-95CC-4E6A-B40C-C0B41C759374}.Release|x64.ActiveCfg = Release|x64
		{D948825D-95CC-4E6A-B40C-C0B41C759374}.Release|x64.Build.0 = Release|x64
		{D948825D-95CC-4E6A-B40C-C0B41C759374}.Release|x86.ActiveCfg = Release|x86
		{D948825D-95CC-4E6A-B40C-C0B41C759374}.Release|x86.Build.0 = Release|x86
		{8F1C1DAC-C8CF-488A-BB31-B409010732EF}.Debug|Any CPU.ActiveCfg = Debug|Any CPU
		{8F1C1DAC-C8CF-488A-BB31-B409010732EF}.Debug|Any CPU.Build.0 = Debug|Any CPU
		{8F1C1DAC-C8CF-488A-BB31-B409010732EF}.Debug|x64.ActiveCfg = Debug|x64
		{8F1C1DAC-C8CF-488A-BB31-B409010732EF}.Debug|x64.Build.0 = Debug|x64
		{8F1C1DAC-C8CF-488A-BB31-B409010732EF}.Debug|x86.ActiveCfg = Debug|x86
		{8F1C1DAC-C8CF-488A-BB31-B409010732EF}.Debug|x86.Build.0 = Debug|x86
		{8F1C1DAC-C8CF-488A-BB31-B409010732EF}.DotfuscatedRelease|Any CPU.ActiveCfg = DotfuscatedRelease|Any CPU
		{8F1C1DAC-C8CF-488A-BB31-B409010732EF}.DotfuscatedRelease|Any CPU.Build.0 = DotfuscatedRelease|Any CPU
		{8F1C1DAC-C8CF-488A-BB31-B409010732EF}.DotfuscatedRelease|x64.ActiveCfg = DotfuscatedRelease|x64
		{8F1C1DAC-C8CF-488A-BB31-B409010732EF}.DotfuscatedRelease|x64.Build.0 = DotfuscatedRelease|x64
		{8F1C1DAC-C8CF-488A-BB31-B409010732EF}.DotfuscatedRelease|x86.ActiveCfg = DotfuscatedRelease|x86
		{8F1C1DAC-C8CF-488A-BB31-B409010732EF}.DotfuscatedRelease|x86.Build.0 = DotfuscatedRelease|x86
		{8F1C1DAC-C8CF-488A-BB31-B409010732EF}.Release|Any CPU.ActiveCfg = Release|Any CPU
		{8F1C1DAC-C8CF-488A-BB31-B409010732EF}.Release|Any CPU.Build.0 = Release|Any CPU
		{8F1C1DAC-C8CF-488A-BB31-B409010732EF}.Release|x64.ActiveCfg = Release|x64
		{8F1C1DAC-C8CF-488A-BB31-B409010732EF}.Release|x64.Build.0 = Release|x64
		{8F1C1DAC-C8CF-488A-BB31-B409010732EF}.Release|x86.ActiveCfg = Release|x86
		{8F1C1DAC-C8CF-488A-BB31-B409010732EF}.Release|x86.Build.0 = Release|x86
	EndGlobalSection
	GlobalSection(SolutionProperties) = preSolution
		HideSolutionNode = FALSE
	EndGlobalSection
	GlobalSection(ExtensibilityGlobals) = postSolution
		SolutionGuid = {AFE2E8FA-FE18-42BC-8183-DC90A040D34E}
	EndGlobalSection
	GlobalSection(TeamFoundationVersionControl) = preSolution
		SccNumberOfProjects = 8
		SccEnterpriseProvider = {4CA58AB2-18FA-4F8D-95D4-32DDF27D184C}
		SccTeamFoundationServer = https://dev.azure.com/refbitscore6
		SccProjectUniqueName0 = NaphthaReformerSI.csproj
		SccProjectName0 = .
		SccAuxPath0 = https://dev.azure.com/refbitscore6
		SccLocalPath0 = .
		SccProvider0 = {4CA58AB2-18FA-4F8D-95D4-32DDF27D184C}
		SccProjectUniqueName1 = ..\\SetupReformer\\SetupReformer.vdproj
		SccProjectName1 = ../SetupReformer
		SccAuxPath1 = https://dev.azure.com/refbitscore6
		SccLocalPath1 = ..\\SetupReformer
		SccProvider1 = {4CA58AB2-18FA-4F8D-95D4-32DDF27D184C}
		SccProjectUniqueName2 = ..\\DialogControls\\DialogControls.csproj
		SccProjectName2 = ../DialogControls
		SccAuxPath2 = https://dev.azure.com/refbitscore6
		SccLocalPath2 = ..\\DialogControls
		SccProvider2 = {4CA58AB2-18FA-4F8D-95D4-32DDF27D184C}
		SccProjectUniqueName3 = ..\\IAPWSSteam\\IAPWSSteam.csproj
		SccProjectName3 = ../IAPWSSteam
		SccAuxPath3 = https://dev.azure.com/refbitscore6
		SccLocalPath3 = ..\\IAPWSSteam
		SccProvider3 = {4CA58AB2-18FA-4F8D-95D4-32DDF27D184C}
		SccProjectUniqueName4 = ..\\ModelThermo\\EngineThermo.csproj
		SccProjectName4 = ../ModelThermo
		SccAuxPath4 = https://dev.azure.com/refbitscore6
		SccLocalPath4 = ..\\ModelThermo
		SccProvider4 = {4CA58AB2-18FA-4F8D-95D4-32DDF27D184C}
		SccProjectUniqueName5 = ..\\Units\\Units.csproj
		SccProjectName5 = ../Units
		SccAuxPath5 = https://dev.azure.com/refbitscore6
		SccLocalPath5 = ..\\Units
		SccProvider5 = {4CA58AB2-18FA-4F8D-95D4-32DDF27D184C}
		SccProjectUniqueName6 = ..\\Extensions\\Extensions.csproj
		SccProjectName6 = ../Extensions
		SccAuxPath6 = https://dev.azure.com/refbitscore6
		SccLocalPath6 = ..\\Extensions
		SccProvider6 = {4CA58AB2-18FA-4F8D-95D4-32DDF27D184C}
		SccProjectUniqueName7 = ..\\ModelEngine\\ModelEngine.csproj
		SccProjectName7 = ../ModelEngine
		SccAuxPath7 = https://dev.azure.com/refbitscore6
		SccLocalPath7 = ..\\ModelEngine
		SccProvider7 = {4CA58AB2-18FA-4F8D-95D4-32DDF27D184C}
	EndGlobalSection
EndGlobal
